
Microsoft Visual Studio Solution File, Format Version 12.00
# Visual Studio 2013
VisualStudioVersion = 12.0.40629.0
MinimumVisualStudioVersion = 10.0.40219.1
Project("{8BC9CEB8-8B4A-11D0-8D11-00A0C91BC942}") = "onvifagent", "onvifagent.vcxproj", "{F1570905-1363-469F-B370-82D3B7588F1F}"
EndProject
Project("{8BC9CEB8-8B4A-11D0-8D11-00A0C91BC942}") = "onvifclient", "..\example\client\onvifclientwin32\onvifclient.vcxproj", "{C663D861-7C1A-43C8-81FE-2B04B41DDF8B}"
EndProject
Global
	GlobalSection(SolutionConfigurationPlatforms) = preSolution
		Debug|Win32 = Debug|Win32
		Debug|x64 = Debug|x64
		Release|Win32 = Release|Win32
		Release|x64 = Release|x64
	EndGlobalSection
	GlobalSection(ProjectConfigurationPlatforms) = postSolution
		{F1570905-1363-469F-B370-82D3B7588F1F}.Debug|Win32.ActiveCfg = Debug|Win32
		{F1570905-1363-469F-B370-82D3B7588F1F}.Debug|Win32.Build.0 = Debug|Win32
		{F1570905-1363-469F-B370-82D3B7588F1F}.Debug|x64.ActiveCfg = Debug|x64
		{F1570905-1363-469F-B370-82D3B7588F1F}.Debug|x64.Build.0 = Debug|x64
		{F1570905-1363-469F-B370-82D3B7588F1F}.Release|Win32.ActiveCfg = Release|Win32
		{F1570905-1363-469F-B370-82D3B7588F1F}.Release|Win32.Build.0 = Release|Win32
		{F1570905-1363-469F-B370-82D3B7588F1F}.Release|x64.ActiveCfg = Release|x64
		{F1570905-1363-469F-B370-82D3B7588F1F}.Release|x64.Build.0 = Release|x64
		{C663D861-7C1A-43C8-81FE-2B04B41DDF8B}.Debug|Win32.ActiveCfg = Debug|Win32
		{C663D861-7C1A-43C8-81FE-2B04B41DDF8B}.Debug|Win32.Build.0 = Debug|Win32
		{C663D861-7C1A-43C8-81FE-2B04B41DDF8B}.Debug|x64.ActiveCfg = Debug|x64
		{C663D861-7C1A-43C8-81FE-2B04B41DDF8B}.Debug|x64.Build.0 = Debug|x64
		{C663D861-7C1A-43C8-81FE-2B04B41DDF8B}.Release|Win32.ActiveCfg = Release|Win32
		{C663D861-7C1A-43C8-81FE-2B04B41DDF8B}.Release|Win32.Build.0 = Release|Win32
		{C663D861-7C1A-43C8-81FE-2B04B41DDF8B}.Release|x64.ActiveCfg = Release|x64
		{C663D861-7C1A-43C8-81FE-2B04B41DDF8B}.Release|x64.Build.0 = Release|x64
	EndGlobalSection
	GlobalSection(SolutionProperties) = preSolution
		HideSolutionNode = FALSE
	EndGlobalSection
EndGlobal
