<?xml version="1.0" encoding="utf-8"?>
<Project ToolsVersion="4.0" xmlns="http://schemas.microsoft.com/developer/msbuild/2003">
  <ItemGroup>
    <Filter Include="include">
      <UniqueIdentifier>{93995380-89BD-4b04-88EB-625FBE52EBFB}</UniqueIdentifier>
      <Extensions>h;hpp;hxx;hm;inl;inc;xsd</Extensions>
    </Filter>
    <Filter Include="src">
      <UniqueIdentifier>{4FC737F1-C7A5-4376-A066-2A32D752A2FF}</UniqueIdentifier>
      <Extensions>cpp;c;cc;cxx;def;odl;idl;hpj;bat;asm;asmx</Extensions>
    </Filter>
    <Filter Include="include\ffkit">
      <UniqueIdentifier>{504e7465-08ef-4b81-bb4e-73347dbdc429}</UniqueIdentifier>
    </Filter>
    <Filter Include="include\cppkit">
      <UniqueIdentifier>{0f537775-25f1-4612-8a63-9f91ba536e3c}</UniqueIdentifier>
    </Filter>
    <Filter Include="include\cppkit\os">
      <UniqueIdentifier>{9be1b100-882d-4f5e-8455-d5ba77e5d1a1}</UniqueIdentifier>
    </Filter>
    <Filter Include="src\ffkit">
      <UniqueIdentifier>{32e0bc09-6ad2-47ee-82e2-8d34c23c30b0}</UniqueIdentifier>
    </Filter>
    <Filter Include="src\cppkit">
      <UniqueIdentifier>{de6f611f-b456-4310-82e7-65ccad4b89d2}</UniqueIdentifier>
    </Filter>
    <Filter Include="include\hyperhttp">
      <UniqueIdentifier>{3f5babd0-e28e-4421-a5d8-4572c35fd4f5}</UniqueIdentifier>
    </Filter>
    <Filter Include="src\hyperhttp">
      <UniqueIdentifier>{ed1e46d3-fcd3-493d-b7a1-8865c0c94520}</UniqueIdentifier>
    </Filter>
    <Filter Include="include\avkit">
      <UniqueIdentifier>{c47e2fa2-19a4-4a9f-bf04-4dcd58b04f2d}</UniqueIdentifier>
    </Filter>
    <Filter Include="include\xsdk">
      <UniqueIdentifier>{ac6fbbd8-0472-4467-9b75-6794ba965d42}</UniqueIdentifier>
    </Filter>
    <Filter Include="include\weddy">
      <UniqueIdentifier>{f7f19f28-4358-4602-8d48-08b19cb0035b}</UniqueIdentifier>
    </Filter>
    <Filter Include="include\mediaparser">
      <UniqueIdentifier>{5a1fccf3-fdbd-4658-b08c-7d75365132f6}</UniqueIdentifier>
    </Filter>
    <Filter Include="include\xsdk\os">
      <UniqueIdentifier>{9b718af1-21a4-426e-afe1-26e71cde11d0}</UniqueIdentifier>
    </Filter>
    <Filter Include="src\avkit">
      <UniqueIdentifier>{3bee4442-8f2e-4f85-b871-a648ecc5dd49}</UniqueIdentifier>
    </Filter>
    <Filter Include="src\xsdk">
      <UniqueIdentifier>{af736d04-5603-4477-84b9-1eb6dcae5c99}</UniqueIdentifier>
    </Filter>
    <Filter Include="src\weddy">
      <UniqueIdentifier>{89d871e8-2aef-463a-be31-4025db71ece0}</UniqueIdentifier>
    </Filter>
    <Filter Include="src\mediaparser">
      <UniqueIdentifier>{46e12172-7bca-4325-9d6d-d06944741caf}</UniqueIdentifier>
    </Filter>
    <Filter Include="src\xsdk\win32">
      <UniqueIdentifier>{5a87af16-347a-43c0-a857-7a52e3c4f2e8}</UniqueIdentifier>
    </Filter>
    <Filter Include="src\rapidrtsp">
      <UniqueIdentifier>{aab1be00-e54c-49c2-ba0b-a4c6bd9e9e87}</UniqueIdentifier>
    </Filter>
    <Filter Include="src\rapidmedia">
      <UniqueIdentifier>{66e9b1dd-9127-4097-83a1-8a2194e0387a}</UniqueIdentifier>
    </Filter>
    <Filter Include="include\rapidmedia">
      <UniqueIdentifier>{5c1b2628-c3c6-428e-b99b-3d5d74c3b407}</UniqueIdentifier>
    </Filter>
    <Filter Include="src\utility">
      <UniqueIdentifier>{c257b307-f680-4a2a-815f-2d113ce2bd89}</UniqueIdentifier>
    </Filter>
    <Filter Include="include\utility">
      <UniqueIdentifier>{f0c74771-d230-48f1-87e4-10eda6a3e6ef}</UniqueIdentifier>
    </Filter>
    <Filter Include="src\rapidmedia\dxva2">
      <UniqueIdentifier>{c3ddfb1b-ea95-4018-be0b-7a82016b88ae}</UniqueIdentifier>
    </Filter>
    <Filter Include="onvif">
      <UniqueIdentifier>{e8b08154-13cb-450f-a903-bafe700fefb5}</UniqueIdentifier>
    </Filter>
    <Filter Include="onvif\video">
      <UniqueIdentifier>{bfeacc6f-5817-4fd8-ab57-76ce7da1854a}</UniqueIdentifier>
    </Filter>
  </ItemGroup>
  <ItemGroup>
    <ClInclude Include="..\include\ffkit\argb24_to_yuv420p.h">
      <Filter>include\ffkit</Filter>
    </ClInclude>
    <ClInclude Include="..\include\ffkit\av_demuxer.h">
      <Filter>include\ffkit</Filter>
    </ClInclude>
    <ClInclude Include="..\include\ffkit\av_muxer.h">
      <Filter>include\ffkit</Filter>
    </ClInclude>
    <ClInclude Include="..\include\ffkit\av_packet.h">
      <Filter>include\ffkit</Filter>
    </ClInclude>
    <ClInclude Include="..\include\ffkit\av_packet_factory.h">
      <Filter>include\ffkit</Filter>
    </ClInclude>
    <ClInclude Include="..\include\ffkit\frame_types.h">
      <Filter>include\ffkit</Filter>
    </ClInclude>
    <ClInclude Include="..\include\ffkit\h264_decoder.h">
      <Filter>include\ffkit</Filter>
    </ClInclude>
    <ClInclude Include="..\include\ffkit\h264_encoder.h">
      <Filter>include\ffkit</Filter>
    </ClInclude>
    <ClInclude Include="..\include\ffkit\h264_transcoder.h">
      <Filter>include\ffkit</Filter>
    </ClInclude>
    <ClInclude Include="..\include\ffkit\h264mp4_to_annexb.h">
      <Filter>include\ffkit</Filter>
    </ClInclude>
    <ClInclude Include="..\include\ffkit\jpeg_encoder.h">
      <Filter>include\ffkit</Filter>
    </ClInclude>
    <ClInclude Include="..\include\ffkit\yuv420p_to_argb24.h">
      <Filter>include\ffkit</Filter>
    </ClInclude>
    <ClInclude Include="..\include\cppkit\ck_actor.h">
      <Filter>include\cppkit</Filter>
    </ClInclude>
    <ClInclude Include="..\include\cppkit\ck_bitsy.h">
      <Filter>include\cppkit</Filter>
    </ClInclude>
    <ClInclude Include="..\include\cppkit\ck_byte_ptr.h">
      <Filter>include\cppkit</Filter>
    </ClInclude>
    <ClInclude Include="..\include\cppkit\ck_command_queue.h">
      <Filter>include\cppkit</Filter>
    </ClInclude>
    <ClInclude Include="..\include\cppkit\ck_dynamic_library.h">
      <Filter>include\cppkit</Filter>
    </ClInclude>
    <ClInclude Include="..\include\cppkit\ck_exception.h">
      <Filter>include\cppkit</Filter>
    </ClInclude>
    <ClInclude Include="..\include\cppkit\ck_json.h">
      <Filter>include\cppkit</Filter>
    </ClInclude>
    <ClInclude Include="..\include\cppkit\ck_logger.h">
      <Filter>include\cppkit</Filter>
    </ClInclude>
    <ClInclude Include="..\include\cppkit\ck_memory.h">
      <Filter>include\cppkit</Filter>
    </ClInclude>
    <ClInclude Include="..\include\cppkit\ck_memory_map.h">
      <Filter>include\cppkit</Filter>
    </ClInclude>
    <ClInclude Include="..\include\cppkit\ck_nullable.h">
      <Filter>include\cppkit</Filter>
    </ClInclude>
    <ClInclude Include="..\include\cppkit\ck_path.h">
      <Filter>include\cppkit</Filter>
    </ClInclude>
    <ClInclude Include="..\include\cppkit\ck_pool.h">
      <Filter>include\cppkit</Filter>
    </ClInclude>
    <ClInclude Include="..\include\cppkit\ck_socket.h">
      <Filter>include\cppkit</Filter>
    </ClInclude>
    <ClInclude Include="..\include\cppkit\ck_socket_address.h">
      <Filter>include\cppkit</Filter>
    </ClInclude>
    <ClInclude Include="..\include\cppkit\ck_stack_trace.h">
      <Filter>include\cppkit</Filter>
    </ClInclude>
    <ClInclude Include="..\include\cppkit\ck_statistics.h">
      <Filter>include\cppkit</Filter>
    </ClInclude>
    <ClInclude Include="..\include\cppkit\ck_stream_io.h">
      <Filter>include\cppkit</Filter>
    </ClInclude>
    <ClInclude Include="..\include\cppkit\ck_string.h">
      <Filter>include\cppkit</Filter>
    </ClInclude>
    <ClInclude Include="..\include\cppkit\ck_string_slice.h">
      <Filter>include\cppkit</Filter>
    </ClInclude>
    <ClInclude Include="..\include\cppkit\ck_timer.h">
      <Filter>include\cppkit</Filter>
    </ClInclude>
    <ClInclude Include="..\include\cppkit\ck_types.h">
      <Filter>include\cppkit</Filter>
    </ClInclude>
    <ClInclude Include="..\include\cppkit\ck_udp_receiver.h">
      <Filter>include\cppkit</Filter>
    </ClInclude>
    <ClInclude Include="..\include\cppkit\ck_udp_sender.h">
      <Filter>include\cppkit</Filter>
    </ClInclude>
    <ClInclude Include="..\include\cppkit\ck_uuid_utils.h">
      <Filter>include\cppkit</Filter>
    </ClInclude>
    <ClInclude Include="..\include\cppkit\ck_variant.h">
      <Filter>include\cppkit</Filter>
    </ClInclude>
    <ClInclude Include="..\include\cppkit\os\ck_error_msg.h">
      <Filter>include\cppkit\os</Filter>
    </ClInclude>
    <ClInclude Include="..\include\cppkit\os\ck_exports.h">
      <Filter>include\cppkit\os</Filter>
    </ClInclude>
    <ClInclude Include="..\include\cppkit\os\ck_files.h">
      <Filter>include\cppkit\os</Filter>
    </ClInclude>
    <ClInclude Include="..\include\cppkit\os\ck_large_files.h">
      <Filter>include\cppkit\os</Filter>
    </ClInclude>
    <ClInclude Include="..\include\cppkit\os\ck_platform.h">
      <Filter>include\cppkit\os</Filter>
    </ClInclude>
    <ClInclude Include="..\include\cppkit\os\ck_sprintf.h">
      <Filter>include\cppkit\os</Filter>
    </ClInclude>
    <ClInclude Include="..\include\cppkit\os\ck_time_utils.h">
      <Filter>include\cppkit\os</Filter>
    </ClInclude>
    <ClInclude Include="..\include\hyperhttp\client_request.h">
      <Filter>include\hyperhttp</Filter>
    </ClInclude>
    <ClInclude Include="..\include\hyperhttp\client_response.h">
      <Filter>include\hyperhttp</Filter>
    </ClInclude>
    <ClInclude Include="..\include\hyperhttp\hyperhttp_exception.h">
      <Filter>include\hyperhttp</Filter>
    </ClInclude>
    <ClInclude Include="..\include\hyperhttp\hyperhttp_utils.h">
      <Filter>include\hyperhttp</Filter>
    </ClInclude>
    <ClInclude Include="..\include\hyperhttp\methods.h">
      <Filter>include\hyperhttp</Filter>
    </ClInclude>
    <ClInclude Include="..\include\hyperhttp\server_request.h">
      <Filter>include\hyperhttp</Filter>
    </ClInclude>
    <ClInclude Include="..\include\hyperhttp\server_response.h">
      <Filter>include\hyperhttp</Filter>
    </ClInclude>
    <ClInclude Include="..\include\hyperhttp\status_codes.h">
      <Filter>include\hyperhttp</Filter>
    </ClInclude>
    <ClInclude Include="..\include\ffkit\jpeg_decoder.h">
      <Filter>include\ffkit</Filter>
    </ClInclude>
    <ClInclude Include="..\include\AVKit\ARGB24ToYUV420P.h">
      <Filter>include\avkit</Filter>
    </ClInclude>
    <ClInclude Include="..\include\AVKit\AVDeMuxer.h">
      <Filter>include\avkit</Filter>
    </ClInclude>
    <ClInclude Include="..\include\AVKit\AVMuxer.h">
      <Filter>include\avkit</Filter>
    </ClInclude>
    <ClInclude Include="..\include\AVKit\Decoder.h">
      <Filter>include\avkit</Filter>
    </ClInclude>
    <ClInclude Include="..\include\AVKit\Encoder.h">
      <Filter>include\avkit</Filter>
    </ClInclude>
    <ClInclude Include="..\include\AVKit\FrameTypes.h">
      <Filter>include\avkit</Filter>
    </ClInclude>
    <ClInclude Include="..\include\AVKit\H264Decoder.h">
      <Filter>include\avkit</Filter>
    </ClInclude>
    <ClInclude Include="..\include\AVKit\H264Encoder.h">
      <Filter>include\avkit</Filter>
    </ClInclude>
    <ClInclude Include="..\include\AVKit\H264MP4ToAnnexB.h">
      <Filter>include\avkit</Filter>
    </ClInclude>
    <ClInclude Include="..\include\AVKit\H264Transcoder.h">
      <Filter>include\avkit</Filter>
    </ClInclude>
    <ClInclude Include="..\include\AVKit\JPEGEncoder.h">
      <Filter>include\avkit</Filter>
    </ClInclude>
    <ClInclude Include="..\include\AVKit\Locky.h">
      <Filter>include\avkit</Filter>
    </ClInclude>
    <ClInclude Include="..\include\AVKit\Options.h">
      <Filter>include\avkit</Filter>
    </ClInclude>
    <ClInclude Include="..\include\AVKit\Utils.h">
      <Filter>include\avkit</Filter>
    </ClInclude>
    <ClInclude Include="..\include\AVKit\YUV420PToARGB24.h">
      <Filter>include\avkit</Filter>
    </ClInclude>
    <ClInclude Include="..\include\MediaParser\Defines.h">
      <Filter>include\mediaparser</Filter>
    </ClInclude>
    <ClInclude Include="..\include\MediaParser\H264Info.h">
      <Filter>include\mediaparser</Filter>
    </ClInclude>
    <ClInclude Include="..\include\MediaParser\H264MediaParser.h">
      <Filter>include\mediaparser</Filter>
    </ClInclude>
    <ClInclude Include="..\include\MediaParser\H264UserData.h">
      <Filter>include\mediaparser</Filter>
    </ClInclude>
    <ClInclude Include="..\include\MediaParser\MediaInfo.h">
      <Filter>include\mediaparser</Filter>
    </ClInclude>
    <ClInclude Include="..\include\MediaParser\MediaParser.h">
      <Filter>include\mediaparser</Filter>
    </ClInclude>
    <ClInclude Include="..\include\MediaParser\MJPEGInfo.h">
      <Filter>include\mediaparser</Filter>
    </ClInclude>
    <ClInclude Include="..\include\MediaParser\MJPEGMediaParser.h">
      <Filter>include\mediaparser</Filter>
    </ClInclude>
    <ClInclude Include="..\include\MediaParser\MPEG4Info.h">
      <Filter>include\mediaparser</Filter>
    </ClInclude>
    <ClInclude Include="..\include\MediaParser\MPEG4MediaParser.h">
      <Filter>include\mediaparser</Filter>
    </ClInclude>
    <ClInclude Include="..\include\MediaParser\RBSPIter.h">
      <Filter>include\mediaparser</Filter>
    </ClInclude>
    <ClInclude Include="..\include\Webby\ClientSideRequest.h">
      <Filter>include\weddy</Filter>
    </ClInclude>
    <ClInclude Include="..\include\Webby\ClientSideResponse.h">
      <Filter>include\weddy</Filter>
    </ClInclude>
    <ClInclude Include="..\include\Webby\RequestBody.h">
      <Filter>include\weddy</Filter>
    </ClInclude>
    <ClInclude Include="..\include\Webby\ServerSideRequest.h">
      <Filter>include\weddy</Filter>
    </ClInclude>
    <ClInclude Include="..\include\Webby\ServerSideResponse.h">
      <Filter>include\weddy</Filter>
    </ClInclude>
    <ClInclude Include="..\include\Webby\SoapArgs.h">
      <Filter>include\weddy</Filter>
    </ClInclude>
    <ClInclude Include="..\include\Webby\StatusCodes.h">
      <Filter>include\weddy</Filter>
    </ClInclude>
    <ClInclude Include="..\include\Webby\URI.h">
      <Filter>include\weddy</Filter>
    </ClInclude>
    <ClInclude Include="..\include\Webby\URL.h">
      <Filter>include\weddy</Filter>
    </ClInclude>
    <ClInclude Include="..\include\Webby\WebbyException.h">
      <Filter>include\weddy</Filter>
    </ClInclude>
    <ClInclude Include="..\include\Webby\WebbyUtils.h">
      <Filter>include\weddy</Filter>
    </ClInclude>
    <ClInclude Include="..\include\XSDK\OS\Files.h">
      <Filter>include\xsdk\os</Filter>
    </ClInclude>
    <ClInclude Include="..\include\XSDK\OS\Rand.h">
      <Filter>include\xsdk\os</Filter>
    </ClInclude>
    <ClInclude Include="..\include\XSDK\OS\Sprintf.h">
      <Filter>include\xsdk\os</Filter>
    </ClInclude>
    <ClInclude Include="..\include\XSDK\OS\StackTrace.h">
      <Filter>include\xsdk\os</Filter>
    </ClInclude>
    <ClInclude Include="..\include\XSDK\OS\STL.h">
      <Filter>include\xsdk\os</Filter>
    </ClInclude>
    <ClInclude Include="..\include\XSDK\Assert.h">
      <Filter>include\xsdk</Filter>
    </ClInclude>
    <ClInclude Include="..\include\XSDK\Errors.h">
      <Filter>include\xsdk</Filter>
    </ClInclude>
    <ClInclude Include="..\include\XSDK\IXInterface.h">
      <Filter>include\xsdk</Filter>
    </ClInclude>
    <ClInclude Include="..\include\XSDK\IXIterate.h">
      <Filter>include\xsdk</Filter>
    </ClInclude>
    <ClInclude Include="..\include\XSDK\IXUnknown.h">
      <Filter>include\xsdk</Filter>
    </ClInclude>
    <ClInclude Include="..\include\XSDK\IXWeakReference.h">
      <Filter>include\xsdk</Filter>
    </ClInclude>
    <ClInclude Include="..\include\XSDK\LargeFiles.h">
      <Filter>include\xsdk</Filter>
    </ClInclude>
    <ClInclude Include="..\include\XSDK\MemDebugBegin.h">
      <Filter>include\xsdk</Filter>
    </ClInclude>
    <ClInclude Include="..\include\XSDK\MemDebugEnd.h">
      <Filter>include\xsdk</Filter>
    </ClInclude>
    <ClInclude Include="..\include\XSDK\Module.h">
      <Filter>include\xsdk</Filter>
    </ClInclude>
    <ClInclude Include="..\include\XSDK\Object.h">
      <Filter>include\xsdk</Filter>
    </ClInclude>
    <ClInclude Include="..\include\XSDK\OS.h">
      <Filter>include\xsdk</Filter>
    </ClInclude>
    <ClInclude Include="..\include\XSDK\Platform.h">
      <Filter>include\xsdk</Filter>
    </ClInclude>
    <ClInclude Include="..\include\XSDK\TimeUtils.h">
      <Filter>include\xsdk</Filter>
    </ClInclude>
    <ClInclude Include="..\include\XSDK\Types.h">
      <Filter>include\xsdk</Filter>
    </ClInclude>
    <ClInclude Include="..\include\XSDK\UuidUtils.h">
      <Filter>include\xsdk</Filter>
    </ClInclude>
    <ClInclude Include="..\include\XSDK\XBaseObject.h">
      <Filter>include\xsdk</Filter>
    </ClInclude>
    <ClInclude Include="..\include\XSDK\XBitsy.h">
      <Filter>include\xsdk</Filter>
    </ClInclude>
    <ClInclude Include="..\include\XSDK\XBlockingQueue.h">
      <Filter>include\xsdk</Filter>
    </ClInclude>
    <ClInclude Include="..\include\XSDK\XBytePtr.h">
      <Filter>include\xsdk</Filter>
    </ClInclude>
    <ClInclude Include="..\include\XSDK\XCache.h">
      <Filter>include\xsdk</Filter>
    </ClInclude>
    <ClInclude Include="..\include\XSDK\XCommandQueue.h">
      <Filter>include\xsdk</Filter>
    </ClInclude>
    <ClInclude Include="..\include\XSDK\XCondition.h">
      <Filter>include\xsdk</Filter>
    </ClInclude>
    <ClInclude Include="..\include\XSDK\XDateTuple.h">
      <Filter>include\xsdk</Filter>
    </ClInclude>
    <ClInclude Include="..\include\XSDK\XDomParser.h">
      <Filter>include\xsdk</Filter>
    </ClInclude>
    <ClInclude Include="..\include\XSDK\XDomParserNode.h">
      <Filter>include\xsdk</Filter>
    </ClInclude>
    <ClInclude Include="..\include\XSDK\XDuration.h">
      <Filter>include\xsdk</Filter>
    </ClInclude>
    <ClInclude Include="..\include\XSDK\XDynamicLibrary.h">
      <Filter>include\xsdk</Filter>
    </ClInclude>
    <ClInclude Include="..\include\XSDK\XException.h">
      <Filter>include\xsdk</Filter>
    </ClInclude>
    <ClInclude Include="..\include\XSDK\XFullVariant.h">
      <Filter>include\xsdk</Filter>
    </ClInclude>
    <ClInclude Include="..\include\XSDK\XFunctorFP.h">
      <Filter>include\xsdk</Filter>
    </ClInclude>
    <ClInclude Include="..\include\XSDK\XGuard.h">
      <Filter>include\xsdk</Filter>
    </ClInclude>
    <ClInclude Include="..\include\XSDK\XHash.h">
      <Filter>include\xsdk</Filter>
    </ClInclude>
    <ClInclude Include="..\include\XSDK\XInterface.h">
      <Filter>include\xsdk</Filter>
    </ClInclude>
    <ClInclude Include="..\include\XSDK\XInternalList.h">
      <Filter>include\xsdk</Filter>
    </ClInclude>
    <ClInclude Include="..\include\XSDK\XIRef.h">
      <Filter>include\xsdk</Filter>
    </ClInclude>
    <ClInclude Include="..\include\XSDK\XIWeakRef.h">
      <Filter>include\xsdk</Filter>
    </ClInclude>
    <ClInclude Include="..\include\XSDK\XJSON.h">
      <Filter>include\xsdk</Filter>
    </ClInclude>
    <ClInclude Include="..\include\XSDK\XListBox.h">
      <Filter>include\xsdk</Filter>
    </ClInclude>
    <ClInclude Include="..\include\XSDK\XLogger.h">
      <Filter>include\xsdk</Filter>
    </ClInclude>
    <ClInclude Include="..\include\XSDK\XMD5.h">
      <Filter>include\xsdk</Filter>
    </ClInclude>
    <ClInclude Include="..\include\XSDK\XMemory.h">
      <Filter>include\xsdk</Filter>
    </ClInclude>
    <ClInclude Include="..\include\XSDK\XMemoryMap.h">
      <Filter>include\xsdk</Filter>
    </ClInclude>
    <ClInclude Include="..\include\XSDK\XMonoClock.h">
      <Filter>include\xsdk</Filter>
    </ClInclude>
    <ClInclude Include="..\include\XSDK\XMutex.h">
      <Filter>include\xsdk</Filter>
    </ClInclude>
    <ClInclude Include="..\include\XSDK\XNullable.h">
      <Filter>include\xsdk</Filter>
    </ClInclude>
    <ClInclude Include="..\include\XSDK\XObjCount.h">
      <Filter>include\xsdk</Filter>
    </ClInclude>
    <ClInclude Include="..\include\XSDK\XObjectProxy.h">
      <Filter>include\xsdk</Filter>
    </ClInclude>
    <ClInclude Include="..\include\XSDK\XPath.h">
      <Filter>include\xsdk</Filter>
    </ClInclude>
    <ClInclude Include="..\include\XSDK\XRef.h">
      <Filter>include\xsdk</Filter>
    </ClInclude>
    <ClInclude Include="..\include\XSDK\XSharedLib.h">
      <Filter>include\xsdk</Filter>
    </ClInclude>
    <ClInclude Include="..\include\XSDK\XSharedLibDef.h">
      <Filter>include\xsdk</Filter>
    </ClInclude>
    <ClInclude Include="..\include\XSDK\XSharedLibExp.h">
      <Filter>include\xsdk</Filter>
    </ClInclude>
    <ClInclude Include="..\include\XSDK\XSharedLibImp.h">
      <Filter>include\xsdk</Filter>
    </ClInclude>
    <ClInclude Include="..\include\XSDK\XSocket.h">
      <Filter>include\xsdk</Filter>
    </ClInclude>
    <ClInclude Include="..\include\XSDK\XSocketAddress.h">
      <Filter>include\xsdk</Filter>
    </ClInclude>
    <ClInclude Include="..\include\XSDK\XSSLSocket.h">
      <Filter>include\xsdk</Filter>
    </ClInclude>
    <ClInclude Include="..\include\XSDK\XStackTrace.h">
      <Filter>include\xsdk</Filter>
    </ClInclude>
    <ClInclude Include="..\include\XSDK\XStatistics.h">
      <Filter>include\xsdk</Filter>
    </ClInclude>
    <ClInclude Include="..\include\XSDK\XStopWatch.h">
      <Filter>include\xsdk</Filter>
    </ClInclude>
    <ClInclude Include="..\include\XSDK\XStreamIO.h">
      <Filter>include\xsdk</Filter>
    </ClInclude>
    <ClInclude Include="..\include\XSDK\XString.h">
      <Filter>include\xsdk</Filter>
    </ClInclude>
    <ClInclude Include="..\include\XSDK\XStringSlice.h">
      <Filter>include\xsdk</Filter>
    </ClInclude>
    <ClInclude Include="..\include\XSDK\XSystemStats.h">
      <Filter>include\xsdk</Filter>
    </ClInclude>
    <ClInclude Include="..\include\XSDK\XTaskBase.h">
      <Filter>include\xsdk</Filter>
    </ClInclude>
    <ClInclude Include="..\include\XSDK\XTime.h">
      <Filter>include\xsdk</Filter>
    </ClInclude>
    <ClInclude Include="..\include\XSDK\XTimedCommandQueue.h">
      <Filter>include\xsdk</Filter>
    </ClInclude>
    <ClInclude Include="..\include\XSDK\XTimer.h">
      <Filter>include\xsdk</Filter>
    </ClInclude>
    <ClInclude Include="..\include\XSDK\XTimeZone.h">
      <Filter>include\xsdk</Filter>
    </ClInclude>
    <ClInclude Include="..\include\XSDK\XUDPReceiver.h">
      <Filter>include\xsdk</Filter>
    </ClInclude>
    <ClInclude Include="..\include\XSDK\XUDPSender.h">
      <Filter>include\xsdk</Filter>
    </ClInclude>
    <ClInclude Include="..\include\XSDK\XUuid.h">
      <Filter>include\xsdk</Filter>
    </ClInclude>
    <ClInclude Include="..\include\XSDK\XVariant.h">
      <Filter>include\xsdk</Filter>
    </ClInclude>
    <ClInclude Include="..\include\XSDK\XWeakRef.h">
      <Filter>include\xsdk</Filter>
    </ClInclude>
    <ClInclude Include="..\include\ffkit\fflocky.h">
      <Filter>include\ffkit</Filter>
    </ClInclude>
    <ClInclude Include="..\include\ffkit\ffoptions.h">
      <Filter>include\ffkit</Filter>
    </ClInclude>
    <ClInclude Include="..\include\ffkit\ffutils.h">
      <Filter>include\ffkit</Filter>
    </ClInclude>
    <ClInclude Include="..\include\hyperhttp\hyperuri.h">
      <Filter>include\hyperhttp</Filter>
    </ClInclude>
    <ClInclude Include="..\include\hyperhttp\hyperurl.h">
      <Filter>include\hyperhttp</Filter>
    </ClInclude>
    <ClInclude Include="..\include\rapidmedia\rapidmedia.hpp">
      <Filter>include\rapidmedia</Filter>
    </ClInclude>
    <ClInclude Include="..\include\utility\fast_mutex.h">
      <Filter>include\utility</Filter>
    </ClInclude>
    <ClInclude Include="..\include\utility\miningtype.hpp">
      <Filter>include\utility</Filter>
    </ClInclude>
    <ClInclude Include="..\include\utility\tinythread.h">
      <Filter>include\utility</Filter>
    </ClInclude>
    <ClInclude Include="..\include\utility\type.hpp">
      <Filter>include\utility</Filter>
    </ClInclude>
    <ClInclude Include="..\include\utility\videotype.hpp">
      <Filter>include\utility</Filter>
    </ClInclude>
    <ClInclude Include="..\src\rapidmedia\rapidmediadata.hpp">
      <Filter>src\rapidmedia</Filter>
    </ClInclude>
    <ClInclude Include="..\src\rapidmedia\rapiddec.hpp">
      <Filter>src\rapidmedia</Filter>
    </ClInclude>
    <ClInclude Include="..\src\rapidmedia\rapiddecsink.hpp">
      <Filter>src\rapidmedia</Filter>
    </ClInclude>
    <ClInclude Include="..\src\rapidmedia\rapidaudiodec.hpp">
      <Filter>src\rapidmedia</Filter>
    </ClInclude>
    <ClInclude Include="..\src\rapidmedia\rapidffmpegdec.hpp">
      <Filter>src\rapidmedia</Filter>
    </ClInclude>
    <ClInclude Include="..\src\rapidmedia\dxva2\ffmpeg_dxva2.h">
      <Filter>src\rapidmedia\dxva2</Filter>
    </ClInclude>
    <ClInclude Include="..\src\rapidmedia\rapiddxva2dec.hpp">
      <Filter>src\rapidmedia</Filter>
    </ClInclude>
    <ClInclude Include="..\include\utility\debug.hpp">
      <Filter>include\utility</Filter>
    </ClInclude>
    <ClInclude Include="..\include\utility\log.hpp">
      <Filter>include\utility</Filter>
    </ClInclude>
    <ClInclude Include="..\include\utility\utility.hpp">
      <Filter>include\utility</Filter>
    </ClInclude>
    <ClInclude Include="..\src\rapidrtsp\rapidrtsp.h">
      <Filter>src\rapidrtsp</Filter>
    </ClInclude>
    <ClInclude Include="..\src\rapidrtsp\rapidrtsplog.h">
      <Filter>src\rapidrtsp</Filter>
    </ClInclude>
    <ClInclude Include="..\src\rapidrtsp\ros.h">
      <Filter>src\rapidrtsp</Filter>
    </ClInclude>
    <ClInclude Include="..\src\rapidrtsp\rtspdef.h">
      <Filter>src\rapidrtsp</Filter>
    </ClInclude>
    <ClInclude Include="..\src\utility\libcli.h">
      <Filter>src\utility</Filter>
    </ClInclude>
    <ClInclude Include="..\..\onvif\include\video\h5s_h264_sink.hpp">
      <Filter>onvif\video</Filter>
    </ClInclude>
    <ClInclude Include="..\..\onvif\include\video\h5s_sink.hpp">
      <Filter>onvif\video</Filter>
    </ClInclude>
    <ClInclude Include="..\..\onvif\include\video\h5slib.hpp">
      <Filter>onvif\video</Filter>
    </ClInclude>
    <ClInclude Include="..\..\onvif\include\video\h264_bit_reader.h">
      <Filter>onvif\video</Filter>
    </ClInclude>
    <ClInclude Include="..\..\onvif\include\video\h264_parser.h">
      <Filter>onvif\video</Filter>
    </ClInclude>
  </ItemGroup>
  <ItemGroup>
    <ClCompile Include="..\src\ffkit\argb24_to_yuv420p.cpp">
      <Filter>src\ffkit</Filter>
    </ClCompile>
    <ClCompile Include="..\src\ffkit\av_demuxer.cpp">
      <Filter>src\ffkit</Filter>
    </ClCompile>
    <ClCompile Include="..\src\ffkit\av_muxer.cpp">
      <Filter>src\ffkit</Filter>
    </ClCompile>
    <ClCompile Include="..\src\ffkit\av_packet.cpp">
      <Filter>src\ffkit</Filter>
    </ClCompile>
    <ClCompile Include="..\src\ffkit\av_packet_factory.cpp">
      <Filter>src\ffkit</Filter>
    </ClCompile>
    <ClCompile Include="..\src\ffkit\h264_decoder.cpp">
      <Filter>src\ffkit</Filter>
    </ClCompile>
    <ClCompile Include="..\src\ffkit\h264_encoder.cpp">
      <Filter>src\ffkit</Filter>
    </ClCompile>
    <ClCompile Include="..\src\ffkit\h264_transcoder.cpp">
      <Filter>src\ffkit</Filter>
    </ClCompile>
    <ClCompile Include="..\src\ffkit\h264mp4_to_annexb.cpp">
      <Filter>src\ffkit</Filter>
    </ClCompile>
    <ClCompile Include="..\src\ffkit\jpeg_encoder.cpp">
      <Filter>src\ffkit</Filter>
    </ClCompile>
    <ClCompile Include="..\src\ffkit\yuv420p_to_argb24.cpp">
      <Filter>src\ffkit</Filter>
    </ClCompile>
    <ClCompile Include="..\src\cppkit\ck_actor.cpp">
      <Filter>src\cppkit</Filter>
    </ClCompile>
    <ClCompile Include="..\src\cppkit\ck_byte_ptr.cpp">
      <Filter>src\cppkit</Filter>
    </ClCompile>
    <ClCompile Include="..\src\cppkit\ck_command_queue.cpp">
      <Filter>src\cppkit</Filter>
    </ClCompile>
    <ClCompile Include="..\src\cppkit\ck_dynamic_library.cpp">
      <Filter>src\cppkit</Filter>
    </ClCompile>
    <ClCompile Include="..\src\cppkit\ck_error_msg.cpp">
      <Filter>src\cppkit</Filter>
    </ClCompile>
    <ClCompile Include="..\src\cppkit\ck_exception.cpp">
      <Filter>src\cppkit</Filter>
    </ClCompile>
    <ClCompile Include="..\src\cppkit\ck_json.cpp">
      <Filter>src\cppkit</Filter>
    </ClCompile>
    <ClCompile Include="..\src\cppkit\ck_large_files.cpp">
      <Filter>src\cppkit</Filter>
    </ClCompile>
    <ClCompile Include="..\src\cppkit\ck_library_id.cpp">
      <Filter>src\cppkit</Filter>
    </ClCompile>
    <ClCompile Include="..\src\cppkit\ck_logger.cpp">
      <Filter>src\cppkit</Filter>
    </ClCompile>
    <ClCompile Include="..\src\cppkit\ck_memory.cpp">
      <Filter>src\cppkit</Filter>
    </ClCompile>
    <ClCompile Include="..\src\cppkit\ck_memory_map.cpp">
      <Filter>src\cppkit</Filter>
    </ClCompile>
    <ClCompile Include="..\src\cppkit\ck_nullable.cpp">
      <Filter>src\cppkit</Filter>
    </ClCompile>
    <ClCompile Include="..\src\cppkit\ck_path.cpp">
      <Filter>src\cppkit</Filter>
    </ClCompile>
    <ClCompile Include="..\src\cppkit\ck_pool.cpp">
      <Filter>src\cppkit</Filter>
    </ClCompile>
    <ClCompile Include="..\src\cppkit\ck_socket.cpp">
      <Filter>src\cppkit</Filter>
    </ClCompile>
    <ClCompile Include="..\src\cppkit\ck_socket_address.cpp">
      <Filter>src\cppkit</Filter>
    </ClCompile>
    <ClCompile Include="..\src\cppkit\ck_sprintf.cpp">
      <Filter>src\cppkit</Filter>
    </ClCompile>
    <ClCompile Include="..\src\cppkit\ck_stack_trace.cpp">
      <Filter>src\cppkit</Filter>
    </ClCompile>
    <ClCompile Include="..\src\cppkit\ck_string.cpp">
      <Filter>src\cppkit</Filter>
    </ClCompile>
    <ClCompile Include="..\src\cppkit\ck_string_slice.cpp">
      <Filter>src\cppkit</Filter>
    </ClCompile>
    <ClCompile Include="..\src\cppkit\ck_time_utils.cpp">
      <Filter>src\cppkit</Filter>
    </ClCompile>
    <ClCompile Include="..\src\cppkit\ck_timer.cpp">
      <Filter>src\cppkit</Filter>
    </ClCompile>
    <ClCompile Include="..\src\cppkit\ck_udp_receiver.cpp">
      <Filter>src\cppkit</Filter>
    </ClCompile>
    <ClCompile Include="..\src\cppkit\ck_udp_sender.cpp">
      <Filter>src\cppkit</Filter>
    </ClCompile>
    <ClCompile Include="..\src\cppkit\ck_uuid_utils.cpp">
      <Filter>src\cppkit</Filter>
    </ClCompile>
    <ClCompile Include="..\src\cppkit\ck_variant.cpp">
      <Filter>src\cppkit</Filter>
    </ClCompile>
    <ClCompile Include="..\src\hyperhttp\client_request.cpp">
      <Filter>src\hyperhttp</Filter>
    </ClCompile>
    <ClCompile Include="..\src\hyperhttp\client_response.cpp">
      <Filter>src\hyperhttp</Filter>
    </ClCompile>
    <ClCompile Include="..\src\hyperhttp\hyperhttp_exception.cpp">
      <Filter>src\hyperhttp</Filter>
    </ClCompile>
    <ClCompile Include="..\src\hyperhttp\hyperhttp_utils.cpp">
      <Filter>src\hyperhttp</Filter>
    </ClCompile>
    <ClCompile Include="..\src\hyperhttp\methods.cpp">
      <Filter>src\hyperhttp</Filter>
    </ClCompile>
    <ClCompile Include="..\src\hyperhttp\server_request.cpp">
      <Filter>src\hyperhttp</Filter>
    </ClCompile>
    <ClCompile Include="..\src\hyperhttp\server_response.cpp">
      <Filter>src\hyperhttp</Filter>
    </ClCompile>
    <ClCompile Include="..\src\ffkit\jpeg_decoder.cpp">
      <Filter>src\ffkit</Filter>
    </ClCompile>
    <ClCompile Include="..\src\AVKit\ARGB24ToYUV420P.cpp">
      <Filter>src\avkit</Filter>
    </ClCompile>
    <ClCompile Include="..\src\AVKit\AVDeMuxer.cpp">
      <Filter>src\avkit</Filter>
    </ClCompile>
    <ClCompile Include="..\src\AVKit\AVMuxer.cpp">
      <Filter>src\avkit</Filter>
    </ClCompile>
    <ClCompile Include="..\src\AVKit\H264Decoder.cpp">
      <Filter>src\avkit</Filter>
    </ClCompile>
    <ClCompile Include="..\src\AVKit\H264Encoder.cpp">
      <Filter>src\avkit</Filter>
    </ClCompile>
    <ClCompile Include="..\src\AVKit\H264MP4ToAnnexB.cpp">
      <Filter>src\avkit</Filter>
    </ClCompile>
    <ClCompile Include="..\src\AVKit\H264Transcoder.cpp">
      <Filter>src\avkit</Filter>
    </ClCompile>
    <ClCompile Include="..\src\AVKit\JPEGEncoder.cpp">
      <Filter>src\avkit</Filter>
    </ClCompile>
    <ClCompile Include="..\src\AVKit\Locky.cpp">
      <Filter>src\avkit</Filter>
    </ClCompile>
    <ClCompile Include="..\src\AVKit\Options.cpp">
      <Filter>src\avkit</Filter>
    </ClCompile>
    <ClCompile Include="..\src\AVKit\Utils.cpp">
      <Filter>src\avkit</Filter>
    </ClCompile>
    <ClCompile Include="..\src\AVKit\YUV420PToARGB24.cpp">
      <Filter>src\avkit</Filter>
    </ClCompile>
    <ClCompile Include="..\src\MediaParser\H264Info.cpp">
      <Filter>src\mediaparser</Filter>
    </ClCompile>
    <ClCompile Include="..\src\MediaParser\H264MediaParser.cpp">
      <Filter>src\mediaparser</Filter>
    </ClCompile>
    <ClCompile Include="..\src\MediaParser\H264UserData.cpp">
      <Filter>src\mediaparser</Filter>
    </ClCompile>
    <ClCompile Include="..\src\MediaParser\MediaInfo.cpp">
      <Filter>src\mediaparser</Filter>
    </ClCompile>
    <ClCompile Include="..\src\MediaParser\MediaParser.cpp">
      <Filter>src\mediaparser</Filter>
    </ClCompile>
    <ClCompile Include="..\src\MediaParser\MJPEGInfo.cpp">
      <Filter>src\mediaparser</Filter>
    </ClCompile>
    <ClCompile Include="..\src\MediaParser\MJPEGMediaParser.cpp">
      <Filter>src\mediaparser</Filter>
    </ClCompile>
    <ClCompile Include="..\src\MediaParser\MPEG4Info.cpp">
      <Filter>src\mediaparser</Filter>
    </ClCompile>
    <ClCompile Include="..\src\MediaParser\MPEG4MediaParser.cpp">
      <Filter>src\mediaparser</Filter>
    </ClCompile>
    <ClCompile Include="..\src\MediaParser\RBSPIter.cpp">
      <Filter>src\mediaparser</Filter>
    </ClCompile>
    <ClCompile Include="..\src\Webby\ClientSideRequest.cpp">
      <Filter>src\weddy</Filter>
    </ClCompile>
    <ClCompile Include="..\src\Webby\ClientSideResponse.cpp">
      <Filter>src\weddy</Filter>
    </ClCompile>
    <ClCompile Include="..\src\Webby\RequestBody.cpp">
      <Filter>src\weddy</Filter>
    </ClCompile>
    <ClCompile Include="..\src\Webby\ServerSideRequest.cpp">
      <Filter>src\weddy</Filter>
    </ClCompile>
    <ClCompile Include="..\src\Webby\ServerSideResponse.cpp">
      <Filter>src\weddy</Filter>
    </ClCompile>
    <ClCompile Include="..\src\Webby\SoapArgs.cpp">
      <Filter>src\weddy</Filter>
    </ClCompile>
    <ClCompile Include="..\src\Webby\URI.cpp">
      <Filter>src\weddy</Filter>
    </ClCompile>
    <ClCompile Include="..\src\Webby\URL.cpp">
      <Filter>src\weddy</Filter>
    </ClCompile>
    <ClCompile Include="..\src\Webby\WebbyException.cpp">
      <Filter>src\weddy</Filter>
    </ClCompile>
    <ClCompile Include="..\src\Webby\WebbyUtils.cpp">
      <Filter>src\weddy</Filter>
    </ClCompile>
    <ClCompile Include="..\src\XSDK\LargeFiles.cpp">
      <Filter>src\xsdk</Filter>
    </ClCompile>
    <ClCompile Include="..\src\XSDK\OS.cpp">
      <Filter>src\xsdk</Filter>
    </ClCompile>
    <ClCompile Include="..\src\XSDK\Rand.cpp">
      <Filter>src\xsdk</Filter>
    </ClCompile>
    <ClCompile Include="..\src\XSDK\StackTrace.cpp">
      <Filter>src\xsdk</Filter>
    </ClCompile>
    <ClCompile Include="..\src\XSDK\TimeUtils.cpp">
      <Filter>src\xsdk</Filter>
    </ClCompile>
    <ClCompile Include="..\src\XSDK\UuidUtils.cpp">
      <Filter>src\xsdk</Filter>
    </ClCompile>
    <ClCompile Include="..\src\XSDK\XBaseObject.cpp">
      <Filter>src\xsdk</Filter>
    </ClCompile>
    <ClCompile Include="..\src\XSDK\XBlockingQueue.cpp">
      <Filter>src\xsdk</Filter>
    </ClCompile>
    <ClCompile Include="..\src\XSDK\XCache.cpp">
      <Filter>src\xsdk</Filter>
    </ClCompile>
    <ClCompile Include="..\src\XSDK\XCommandQueue.cpp">
      <Filter>src\xsdk</Filter>
    </ClCompile>
    <ClCompile Include="..\src\XSDK\XDateTuple.cpp">
      <Filter>src\xsdk</Filter>
    </ClCompile>
    <ClCompile Include="..\src\XSDK\XDomParser.cpp">
      <Filter>src\xsdk</Filter>
    </ClCompile>
    <ClCompile Include="..\src\XSDK\XDomParserNode.cpp">
      <Filter>src\xsdk</Filter>
    </ClCompile>
    <ClCompile Include="..\src\XSDK\XDuration.cpp">
      <Filter>src\xsdk</Filter>
    </ClCompile>
    <ClCompile Include="..\src\XSDK\XDynamicLibrary.cpp">
      <Filter>src\xsdk</Filter>
    </ClCompile>
    <ClCompile Include="..\src\XSDK\XException.cpp">
      <Filter>src\xsdk</Filter>
    </ClCompile>
    <ClCompile Include="..\src\XSDK\XFullVariant.cpp">
      <Filter>src\xsdk</Filter>
    </ClCompile>
    <ClCompile Include="..\src\XSDK\XGuard.cpp">
      <Filter>src\xsdk</Filter>
    </ClCompile>
    <ClCompile Include="..\src\XSDK\XHash.cpp">
      <Filter>src\xsdk</Filter>
    </ClCompile>
    <ClCompile Include="..\src\XSDK\XInternalList.cpp">
      <Filter>src\xsdk</Filter>
    </ClCompile>
    <ClCompile Include="..\src\XSDK\XJSON.cpp">
      <Filter>src\xsdk</Filter>
    </ClCompile>
    <ClCompile Include="..\src\XSDK\XListBox.cpp">
      <Filter>src\xsdk</Filter>
    </ClCompile>
    <ClCompile Include="..\src\XSDK\XLogger.cpp">
      <Filter>src\xsdk</Filter>
    </ClCompile>
    <ClCompile Include="..\src\XSDK\XMD5.cpp">
      <Filter>src\xsdk</Filter>
    </ClCompile>
    <ClCompile Include="..\src\XSDK\XMemory.cpp">
      <Filter>src\xsdk</Filter>
    </ClCompile>
    <ClCompile Include="..\src\XSDK\XMemoryMap.cpp">
      <Filter>src\xsdk</Filter>
    </ClCompile>
    <ClCompile Include="..\src\XSDK\XMonoClock.cpp">
      <Filter>src\xsdk</Filter>
    </ClCompile>
    <ClCompile Include="..\src\XSDK\XObjCount.cpp">
      <Filter>src\xsdk</Filter>
    </ClCompile>
    <ClCompile Include="..\src\XSDK\XObjectProxy.cpp">
      <Filter>src\xsdk</Filter>
    </ClCompile>
    <ClCompile Include="..\src\XSDK\XPath.cpp">
      <Filter>src\xsdk</Filter>
    </ClCompile>
    <ClCompile Include="..\src\XSDK\XSocket.cpp">
      <Filter>src\xsdk</Filter>
    </ClCompile>
    <ClCompile Include="..\src\XSDK\XSocketAddress.cpp">
      <Filter>src\xsdk</Filter>
    </ClCompile>
    <ClCompile Include="..\src\XSDK\XSSLSocket.cpp">
      <Filter>src\xsdk</Filter>
    </ClCompile>
    <ClCompile Include="..\src\XSDK\XStackTrace.cpp">
      <Filter>src\xsdk</Filter>
    </ClCompile>
    <ClCompile Include="..\src\XSDK\XStopWatch.cpp">
      <Filter>src\xsdk</Filter>
    </ClCompile>
    <ClCompile Include="..\src\XSDK\XString.cpp">
      <Filter>src\xsdk</Filter>
    </ClCompile>
    <ClCompile Include="..\src\XSDK\XStringSlice.cpp">
      <Filter>src\xsdk</Filter>
    </ClCompile>
    <ClCompile Include="..\src\XSDK\XSymbol.cpp">
      <Filter>src\xsdk</Filter>
    </ClCompile>
    <ClCompile Include="..\src\XSDK\XSystemStats.cpp">
      <Filter>src\xsdk</Filter>
    </ClCompile>
    <ClCompile Include="..\src\XSDK\XTaskBase.cpp">
      <Filter>src\xsdk</Filter>
    </ClCompile>
    <ClCompile Include="..\src\XSDK\XTime.cpp">
      <Filter>src\xsdk</Filter>
    </ClCompile>
    <ClCompile Include="..\src\XSDK\XTimedCommandQueue.cpp">
      <Filter>src\xsdk</Filter>
    </ClCompile>
    <ClCompile Include="..\src\XSDK\XTimer.cpp">
      <Filter>src\xsdk</Filter>
    </ClCompile>
    <ClCompile Include="..\src\XSDK\XTimeZone.cpp">
      <Filter>src\xsdk</Filter>
    </ClCompile>
    <ClCompile Include="..\src\XSDK\XUDPReceiver.cpp">
      <Filter>src\xsdk</Filter>
    </ClCompile>
    <ClCompile Include="..\src\XSDK\XUDPSender.cpp">
      <Filter>src\xsdk</Filter>
    </ClCompile>
    <ClCompile Include="..\src\XSDK\XUuid.cpp">
      <Filter>src\xsdk</Filter>
    </ClCompile>
    <ClCompile Include="..\src\XSDK\XVariant.cpp">
      <Filter>src\xsdk</Filter>
    </ClCompile>
    <ClCompile Include="..\src\XSDK\Win32\XCondition.cpp">
      <Filter>src\xsdk\win32</Filter>
    </ClCompile>
    <ClCompile Include="..\src\XSDK\Win32\XMutex.cpp">
      <Filter>src\xsdk\win32</Filter>
    </ClCompile>
    <ClCompile Include="..\src\ffkit\fflocky.cpp">
      <Filter>src\ffkit</Filter>
    </ClCompile>
    <ClCompile Include="..\src\ffkit\ffoptions.cpp">
      <Filter>src\ffkit</Filter>
    </ClCompile>
    <ClCompile Include="..\src\ffkit\ffutils.cpp">
      <Filter>src\ffkit</Filter>
    </ClCompile>
    <ClCompile Include="..\src\hyperhttp\hyperuri.cpp">
      <Filter>src\hyperhttp</Filter>
    </ClCompile>
    <ClCompile Include="..\src\hyperhttp\hyperurl.cpp">
      <Filter>src\hyperhttp</Filter>
    </ClCompile>
    <ClCompile Include="..\src\rapidmedia\rapidmedia.cpp">
      <Filter>src\rapidmedia</Filter>
    </ClCompile>
    <ClCompile Include="..\src\utility\tinythread.cpp">
      <Filter>src\utility</Filter>
    </ClCompile>
    <ClCompile Include="..\src\rapidmedia\rapidmediadata.cpp">
      <Filter>src\rapidmedia</Filter>
    </ClCompile>
    <ClCompile Include="..\src\rapidmedia\rapiddecsink.cpp">
      <Filter>src\rapidmedia</Filter>
    </ClCompile>
    <ClCompile Include="..\src\rapidmedia\rapidaudiodec.cpp">
      <Filter>src\rapidmedia</Filter>
    </ClCompile>
    <ClCompile Include="..\src\rapidmedia\rapidffmpegdec.cpp">
      <Filter>src\rapidmedia</Filter>
    </ClCompile>
    <ClCompile Include="..\src\rapidmedia\dxva2\ffmpeg_dxva2.c">
      <Filter>src\rapidmedia\dxva2</Filter>
    </ClCompile>
    <ClCompile Include="..\src\rapidmedia\rapiddxva2dec.cpp">
      <Filter>src\rapidmedia</Filter>
    </ClCompile>
    <ClCompile Include="..\src\utility\debug.cpp">
      <Filter>src\utility</Filter>
    </ClCompile>
    <ClCompile Include="..\src\utility\utility.cpp">
      <Filter>src\utility</Filter>
    </ClCompile>
    <ClCompile Include="..\src\rapidrtsp\rapidrtsp.cpp">
      <Filter>src\rapidrtsp</Filter>
    </ClCompile>
    <ClCompile Include="..\src\rapidrtsp\rapidrtsplog.cpp">
      <Filter>src\rapidrtsp</Filter>
    </ClCompile>
    <ClCompile Include="..\src\utility\libcli.c">
      <Filter>src\utility</Filter>
    </ClCompile>
    <ClCompile Include="..\..\onvif\include\video\h5s_h264_sink.cpp">
      <Filter>onvif\video</Filter>
    </ClCompile>
    <ClCompile Include="..\..\onvif\include\video\h5slib.cpp">
      <Filter>onvif\video</Filter>
    </ClCompile>
    <ClCompile Include="..\..\onvif\include\video\h264_bit_reader.cpp">
      <Filter>onvif\video</Filter>
    </ClCompile>
    <ClCompile Include="..\..\onvif\include\video\h264_parser.cpp">
      <Filter>onvif\video</Filter>
    </ClCompile>
  </ItemGroup>
</Project>