<?xml version="1.0" encoding="utf-8"?>
<Project ToolsVersion="4.0" xmlns="http://schemas.microsoft.com/developer/msbuild/2003">
  <ItemGroup>
    <Filter Include="Generated Files">
      <UniqueIdentifier>{71ED8ED8-ACB9-4CE9-BBE1-E00B30144E11}</UniqueIdentifier>
      <Extensions>moc;h;cpp</Extensions>
      <SourceControlFiles>False</SourceControlFiles>
    </Filter>
    <Filter Include="Generated Files\Debug">
      <UniqueIdentifier>{838bf31f-34f2-4683-b929-f476f336df5f}</UniqueIdentifier>
      <Extensions>cpp;moc</Extensions>
      <SourceControlFiles>False</SourceControlFiles>
    </Filter>
    <Filter Include="Generated Files\Release">
      <UniqueIdentifier>{70841eca-b9a9-4fdf-8302-e1a9d76e462f}</UniqueIdentifier>
      <Extensions>cpp;moc</Extensions>
      <SourceControlFiles>False</SourceControlFiles>
    </Filter>
    <Filter Include="Translation Files">
      <UniqueIdentifier>{639EADAA-A684-42e4-A9AD-28FC9BCB8F7C}</UniqueIdentifier>
      <Extensions>ts</Extensions>
      <ParseFiles>false</ParseFiles>
    </Filter>
    <Filter Include="src">
      <UniqueIdentifier>{2d9ce154-c22f-4e68-a111-32f6d3f6cb14}</UniqueIdentifier>
    </Filter>
    <Filter Include="src\main">
      <UniqueIdentifier>{7e293dab-352c-4c00-9e3c-ddedda26b011}</UniqueIdentifier>
    </Filter>
    <Filter Include="src\common">
      <UniqueIdentifier>{a14e4529-2b38-4f1d-b00d-a86329b0da0c}</UniqueIdentifier>
    </Filter>
    <Filter Include="src\live">
      <UniqueIdentifier>{6125d782-1b19-40cb-80d2-b21ebc10b8ce}</UniqueIdentifier>
    </Filter>
    <Filter Include="src\config">
      <UniqueIdentifier>{1a94dfbc-7aa6-4e8e-baf3-048e9428c29c}</UniqueIdentifier>
    </Filter>
    <Filter Include="src\playback">
      <UniqueIdentifier>{e5ade071-3a0b-428c-9653-8c08fa3497e1}</UniqueIdentifier>
    </Filter>
    <Filter Include="Resource Files">
      <UniqueIdentifier>{D9D6E242-F8AF-46E4-B9FD-80ECBC20BA3E}</UniqueIdentifier>
      <Extensions>qrc;*</Extensions>
      <ParseFiles>false</ParseFiles>
    </Filter>
    <Filter Include="include">
      <UniqueIdentifier>{4ffbf49b-e4ab-461f-96b6-90ed8e4acb5e}</UniqueIdentifier>
    </Filter>
    <Filter Include="include\oapi">
      <UniqueIdentifier>{d60c978b-3b5c-4ad6-8b47-67885fa2ec3a}</UniqueIdentifier>
    </Filter>
    <Filter Include="include\config">
      <UniqueIdentifier>{067dbd58-f674-4d2a-b8d4-7f95fe49e688}</UniqueIdentifier>
    </Filter>
    <Filter Include="include\client">
      <UniqueIdentifier>{e9cd0b9f-14dd-4559-98e4-61467e2e6064}</UniqueIdentifier>
    </Filter>
    <Filter Include="src\common\viditem">
      <UniqueIdentifier>{bd7c3705-c5a6-47e0-a77b-300ec207eaf2}</UniqueIdentifier>
    </Filter>
    <Filter Include="src\common\vidtree">
      <UniqueIdentifier>{9d6a84c8-6f27-42d6-8529-c1ba2c78e759}</UniqueIdentifier>
    </Filter>
  </ItemGroup>
  <ItemGroup>
    <ResourceCompile Include="veclient.rc" />
  </ItemGroup>
  <ItemGroup>
    <None Include="icon1.ico" />
    <None Include="..\main\translations\opencvr_zh.ts">
      <Filter>Translation Files</Filter>
    </None>
  </ItemGroup>
  <ItemGroup>
    <ClCompile Include="..\src\main\main.cpp">
      <Filter>src\main</Filter>
    </ClCompile>
    <ClCompile Include="GeneratedFiles\qrc_vscmainwindows.cpp">
      <Filter>Generated Files</Filter>
    </ClCompile>
    <ClCompile Include="..\src\main\vscmainwindows.cpp">
      <Filter>src\main</Filter>
    </ClCompile>
    <ClCompile Include="GeneratedFiles\Debug\moc_vscmainwindows.cpp">
      <Filter>Generated Files\Debug</Filter>
    </ClCompile>
    <ClCompile Include="GeneratedFiles\Release\moc_vscmainwindows.cpp">
      <Filter>Generated Files\Release</Filter>
    </ClCompile>
    <ClCompile Include="..\src\main\vsctoobar.cpp">
      <Filter>src\main</Filter>
    </ClCompile>
    <ClCompile Include="GeneratedFiles\Debug\moc_vsctoolbar.cpp">
      <Filter>Generated Files\Debug</Filter>
    </ClCompile>
    <ClCompile Include="GeneratedFiles\Release\moc_vsctoolbar.cpp">
      <Filter>Generated Files\Release</Filter>
    </ClCompile>
    <ClCompile Include="..\src\common\vscvidinf.cpp">
      <Filter>src\common</Filter>
    </ClCompile>
    <ClCompile Include="GeneratedFiles\Debug\moc_vscvidinf.cpp">
      <Filter>Generated Files\Debug</Filter>
    </ClCompile>
    <ClCompile Include="GeneratedFiles\Release\moc_vscvidinf.cpp">
      <Filter>Generated Files\Release</Filter>
    </ClCompile>
    <ClCompile Include="..\src\config\vscvidconfig.cpp">
      <Filter>src\config</Filter>
    </ClCompile>
    <ClCompile Include="GeneratedFiles\Debug\moc_vscvidconfig.cpp">
      <Filter>Generated Files\Debug</Filter>
    </ClCompile>
    <ClCompile Include="GeneratedFiles\Release\moc_vscvidconfig.cpp">
      <Filter>Generated Files\Release</Filter>
    </ClCompile>
    <ClCompile Include="..\src\live\vscvidlive.cpp">
      <Filter>src\live</Filter>
    </ClCompile>
    <ClCompile Include="GeneratedFiles\Debug\moc_vscvidlive.cpp">
      <Filter>Generated Files\Debug</Filter>
    </ClCompile>
    <ClCompile Include="GeneratedFiles\Release\moc_vscvidlive.cpp">
      <Filter>Generated Files\Release</Filter>
    </ClCompile>
    <ClCompile Include="..\src\main\vscvidlist.cpp">
      <Filter>src\main</Filter>
    </ClCompile>
    <ClCompile Include="GeneratedFiles\Debug\moc_vscvidlist.cpp">
      <Filter>Generated Files\Debug</Filter>
    </ClCompile>
    <ClCompile Include="GeneratedFiles\Release\moc_vscvidlist.cpp">
      <Filter>Generated Files\Release</Filter>
    </ClCompile>
    <ClCompile Include="..\src\playback\vscvidpb.cpp">
      <Filter>src\playback</Filter>
    </ClCompile>
    <ClCompile Include="GeneratedFiles\Debug\moc_vscvidpb.cpp">
      <Filter>Generated Files\Debug</Filter>
    </ClCompile>
    <ClCompile Include="GeneratedFiles\Release\moc_vscvidpb.cpp">
      <Filter>Generated Files\Release</Filter>
    </ClCompile>
    <ClCompile Include="..\src\live\vscview.cpp">
      <Filter>src\live</Filter>
    </ClCompile>
    <ClCompile Include="GeneratedFiles\Debug\moc_vscview.cpp">
      <Filter>Generated Files\Debug</Filter>
    </ClCompile>
    <ClCompile Include="GeneratedFiles\Release\moc_vscview.cpp">
      <Filter>Generated Files\Release</Filter>
    </ClCompile>
    <ClCompile Include="..\..\include\config\vidconf.pb.cc">
      <Filter>include\config</Filter>
    </ClCompile>
    <ClCompile Include="GeneratedFiles\Debug\moc_clientfactory.cpp">
      <Filter>Generated Files\Debug</Filter>
    </ClCompile>
    <ClCompile Include="GeneratedFiles\Release\moc_clientfactory.cpp">
      <Filter>Generated Files\Release</Filter>
    </ClCompile>
    <ClCompile Include="GeneratedFiles\Debug\moc_storclient.cpp">
      <Filter>Generated Files\Debug</Filter>
    </ClCompile>
    <ClCompile Include="GeneratedFiles\Release\moc_storclient.cpp">
      <Filter>Generated Files\Release</Filter>
    </ClCompile>
    <ClCompile Include="GeneratedFiles\Debug\moc_storfactory.cpp">
      <Filter>Generated Files\Debug</Filter>
    </ClCompile>
    <ClCompile Include="GeneratedFiles\Release\moc_storfactory.cpp">
      <Filter>Generated Files\Release</Filter>
    </ClCompile>
    <ClCompile Include="GeneratedFiles\Debug\moc_storstream.cpp">
      <Filter>Generated Files\Debug</Filter>
    </ClCompile>
    <ClCompile Include="GeneratedFiles\Release\moc_storstream.cpp">
      <Filter>Generated Files\Release</Filter>
    </ClCompile>
    <ClCompile Include="..\src\main\vscvidlistframe.cpp">
      <Filter>src\main</Filter>
    </ClCompile>
    <ClCompile Include="GeneratedFiles\Debug\moc_vscvidlistframe.cpp">
      <Filter>Generated Files\Debug</Filter>
    </ClCompile>
    <ClCompile Include="GeneratedFiles\Release\moc_vscvidlistframe.cpp">
      <Filter>Generated Files\Release</Filter>
    </ClCompile>
    <ClCompile Include="..\src\common\vscvidtreeinf.cpp">
      <Filter>src\common</Filter>
    </ClCompile>
    <ClCompile Include="GeneratedFiles\Debug\moc_vscvidtreeinf.cpp">
      <Filter>Generated Files\Debug</Filter>
    </ClCompile>
    <ClCompile Include="GeneratedFiles\Release\moc_vscvidtreeinf.cpp">
      <Filter>Generated Files\Release</Filter>
    </ClCompile>
    <ClCompile Include="..\src\common\vscviditeminf.cpp">
      <Filter>src\common</Filter>
    </ClCompile>
    <ClCompile Include="..\src\common\vidtree\vscvidtreecam.cpp">
      <Filter>src\common\vidtree</Filter>
    </ClCompile>
    <ClCompile Include="GeneratedFiles\Debug\moc_vscvidtreecam.cpp">
      <Filter>Generated Files\Debug</Filter>
    </ClCompile>
    <ClCompile Include="GeneratedFiles\Release\moc_vscvidtreecam.cpp">
      <Filter>Generated Files\Release</Filter>
    </ClCompile>
    <ClCompile Include="..\src\common\viditem\vscviditemcam.cpp">
      <Filter>src\common\viditem</Filter>
    </ClCompile>
    <ClCompile Include="..\src\common\viditem\vscviditemvidstor.cpp">
      <Filter>src\common\viditem</Filter>
    </ClCompile>
  </ItemGroup>
  <ItemGroup>
    <CustomBuild Include="..\src\main\vscmainwindows.qrc">
      <Filter>src\main</Filter>
    </CustomBuild>
    <CustomBuild Include="..\src\main\vscmainwindows.h">
      <Filter>src\main</Filter>
    </CustomBuild>
    <CustomBuild Include="..\src\main\vscmainwindows.ui">
      <Filter>src\main</Filter>
    </CustomBuild>
    <CustomBuild Include="..\src\main\vsctoolbar.h">
      <Filter>src\main</Filter>
    </CustomBuild>
    <CustomBuild Include="..\src\main\vsctoolbar.ui">
      <Filter>src\main</Filter>
    </CustomBuild>
    <CustomBuild Include="..\src\common\vscvidinf.h">
      <Filter>src\common</Filter>
    </CustomBuild>
    <CustomBuild Include="..\src\config\vscvidconfig.h">
      <Filter>src\config</Filter>
    </CustomBuild>
    <CustomBuild Include="..\src\live\vscvidlive.h">
      <Filter>src\live</Filter>
    </CustomBuild>
    <CustomBuild Include="..\src\main\vscvidlist.h">
      <Filter>src\main</Filter>
    </CustomBuild>
    <CustomBuild Include="..\src\main\vscvidlist.ui">
      <Filter>src\main</Filter>
    </CustomBuild>
    <CustomBuild Include="..\src\playback\vscvidpb.h">
      <Filter>src\playback</Filter>
    </CustomBuild>
    <CustomBuild Include="..\src\live\vscview.ui">
      <Filter>src\live</Filter>
    </CustomBuild>
    <CustomBuild Include="..\src\live\vscview.h">
      <Filter>src\live</Filter>
    </CustomBuild>
    <CustomBuild Include="..\..\include\client\clientfactory.hpp">
      <Filter>include\client</Filter>
    </CustomBuild>
    <CustomBuild Include="..\..\include\client\storclient.hpp">
      <Filter>include\client</Filter>
    </CustomBuild>
    <CustomBuild Include="..\..\include\client\storfactory.hpp">
      <Filter>include\client</Filter>
    </CustomBuild>
    <CustomBuild Include="..\..\include\client\storstream.hpp">
      <Filter>include\client</Filter>
    </CustomBuild>
    <CustomBuild Include="..\src\main\vscvidlistframe.h">
      <Filter>src\main</Filter>
    </CustomBuild>
    <CustomBuild Include="..\src\common\vscvidtreeinf.h">
      <Filter>src\common</Filter>
    </CustomBuild>
    <CustomBuild Include="..\src\common\vidtree\vscvidtreecam.h">
      <Filter>src\common\vidtree</Filter>
    </CustomBuild>
  </ItemGroup>
  <ItemGroup>
    <Image Include="..\src\main\resources\splash.png">
      <Filter>Resource Files</Filter>
    </Image>
    <Image Include="..\src\main\resources\vscsmall.png">
      <Filter>Resource Files</Filter>
    </Image>
    <Image Include="..\src\main\resources\vsclogoc.png">
      <Filter>Resource Files</Filter>
    </Image>
    <Image Include="..\src\main\resources\vsclogod.png">
      <Filter>Resource Files</Filter>
    </Image>
    <Image Include="..\src\main\resources\vscsmall2.png">
      <Filter>Resource Files</Filter>
    </Image>
    <Image Include="..\src\main\resources\surveillance.png">
      <Filter>Resource Files</Filter>
    </Image>
    <Image Include="..\src\main\resources\search.png">
      <Filter>Resource Files</Filter>
    </Image>
    <Image Include="..\src\main\resources\user-trash-2.png">
      <Filter>Resource Files</Filter>
    </Image>
    <Image Include="..\src\main\resources\videosearch.png">
      <Filter>Resource Files</Filter>
    </Image>
    <Image Include="..\src\main\resources\computer.png">
      <Filter>Resource Files</Filter>
    </Image>
    <Image Include="..\src\main\resources\display.png">
      <Filter>Resource Files</Filter>
    </Image>
    <Image Include="..\src\main\resources\view-fullscreen.png">
      <Filter>Resource Files</Filter>
    </Image>
    <Image Include="..\src\main\resources\setting.png">
      <Filter>Resource Files</Filter>
    </Image>
    <Image Include="..\src\main\resources\recordstart.png">
      <Filter>Resource Files</Filter>
    </Image>
    <Image Include="..\src\main\resources\recordstop.png">
      <Filter>Resource Files</Filter>
    </Image>
    <Image Include="..\src\main\resources\edit.png">
      <Filter>Resource Files</Filter>
    </Image>
    <Image Include="..\src\main\resources\new.png">
      <Filter>Resource Files</Filter>
    </Image>
    <Image Include="..\src\main\resources\float.png">
      <Filter>Resource Files</Filter>
    </Image>
    <Image Include="..\src\main\resources\tabbed.png">
      <Filter>Resource Files</Filter>
    </Image>
    <Image Include="..\src\main\resources\stop.png">
      <Filter>Resource Files</Filter>
    </Image>
    <Image Include="..\src\main\resources\control_panel.png">
      <Filter>Resource Files</Filter>
    </Image>
    <Image Include="..\src\main\resources\refresh.png">
      <Filter>Resource Files</Filter>
    </Image>
    <Image Include="..\src\main\resources\alarm.png">
      <Filter>Resource Files</Filter>
    </Image>
    <Image Include="..\src\main\resources\alarmno.png">
      <Filter>Resource Files</Filter>
    </Image>
    <Image Include="..\src\main\resources\map.png">
      <Filter>Resource Files</Filter>
    </Image>
    <Image Include="..\src\main\resources\user.png">
      <Filter>Resource Files</Filter>
    </Image>
    <Image Include="..\src\main\resources\mining.png">
      <Filter>Resource Files</Filter>
    </Image>
    <Image Include="..\src\main\resources\syncpb.png">
      <Filter>Resource Files</Filter>
    </Image>
    <Image Include="..\src\main\resources\button.png">
      <Filter>Resource Files</Filter>
    </Image>
    <Image Include="..\src\main\resources\buttonpress.png">
      <Filter>Resource Files</Filter>
    </Image>
    <Image Include="..\src\main\resources\buttonhover.png">
      <Filter>Resource Files</Filter>
    </Image>
    <Image Include="..\src\main\resources\hdfsstartrecord.png">
      <Filter>Resource Files</Filter>
    </Image>
    <Image Include="..\src\main\resources\hdfsstoprecord.png">
      <Filter>Resource Files</Filter>
    </Image>
    <Image Include="..\src\main\resources\hadoop.png">
      <Filter>Resource Files</Filter>
    </Image>
    <Image Include="..\src\main\resources\dome-recordhdfs.png">
      <Filter>Resource Files</Filter>
    </Image>
    <Image Include="..\src\main\resources\switchputton.png">
      <Filter>Resource Files</Filter>
    </Image>
    <Image Include="..\src\main\resources\radiobutton_checked.png">
      <Filter>Resource Files</Filter>
    </Image>
    <Image Include="..\src\main\resources\radiobutton_checked_hover.png">
      <Filter>Resource Files</Filter>
    </Image>
    <Image Include="..\src\main\resources\radiobutton_checked_pressed.png">
      <Filter>Resource Files</Filter>
    </Image>
    <Image Include="..\src\main\resources\radiobutton_unchecked.png">
      <Filter>Resource Files</Filter>
    </Image>
    <Image Include="..\src\main\resources\radiobutton_unchecked_hover.png">
      <Filter>Resource Files</Filter>
    </Image>
    <Image Include="..\src\main\resources\radiobutton_unchecked_pressed.png">
      <Filter>Resource Files</Filter>
    </Image>
    <Image Include="..\src\main\resources\plan.png">
      <Filter>Resource Files</Filter>
    </Image>
    <Image Include="..\src\main\resources\toursetting.png">
      <Filter>Resource Files</Filter>
    </Image>
    <Image Include="..\src\main\resources\processing.gif">
      <Filter>Resource Files</Filter>
    </Image>
    <Image Include="..\src\main\resources\tourstop.png">
      <Filter>Resource Files</Filter>
    </Image>
    <Image Include="..\src\main\resources\tourplay.png">
      <Filter>Resource Files</Filter>
    </Image>
    <Image Include="..\src\main\resources\panel.png">
      <Filter>Resource Files</Filter>
    </Image>
    <Image Include="..\src\main\resources\folder.png">
      <Filter>Resource Files</Filter>
    </Image>
    <Image Include="..\src\main\resources\searchplayback.png">
      <Filter>Resource Files</Filter>
    </Image>
    <Image Include="..\src\main\resources\cancel.png">
      <Filter>Resource Files</Filter>
    </Image>
    <Image Include="..\src\main\resources\camera.png">
      <Filter>Resource Files</Filter>
    </Image>
    <Image Include="..\src\main\resources\camera1.png">
      <Filter>Resource Files</Filter>
    </Image>
    <Image Include="..\src\main\resources\view.png">
      <Filter>Resource Files</Filter>
    </Image>
    <Image Include="..\src\main\resources\harddisk.png">
      <Filter>Resource Files</Filter>
    </Image>
    <Image Include="..\src\main\resources\camera-record.png">
      <Filter>Resource Files</Filter>
    </Image>
    <Image Include="..\src\main\resources\dome.png">
      <Filter>Resource Files</Filter>
    </Image>
    <Image Include="..\src\main\resources\dome-record.png">
      <Filter>Resource Files</Filter>
    </Image>
    <Image Include="..\src\main\resources\virtualipc.png">
      <Filter>Resource Files</Filter>
    </Image>
    <Image Include="..\src\main\resources\view1.png">
      <Filter>Resource Files</Filter>
    </Image>
    <Image Include="..\src\main\resources\camgroup.png">
      <Filter>Resource Files</Filter>
    </Image>
    <Image Include="..\src\main\resources\1x1.png">
      <Filter>Resource Files</Filter>
    </Image>
    <Image Include="..\src\main\resources\2x2.png">
      <Filter>Resource Files</Filter>
    </Image>
    <Image Include="..\src\main\resources\3x3.png">
      <Filter>Resource Files</Filter>
    </Image>
    <Image Include="..\src\main\resources\4x4.png">
      <Filter>Resource Files</Filter>
    </Image>
    <Image Include="..\src\main\resources\12+1.png">
      <Filter>Resource Files</Filter>
    </Image>
    <Image Include="..\src\main\resources\5x5.png">
      <Filter>Resource Files</Filter>
    </Image>
    <Image Include="..\src\main\resources\6x6.png">
      <Filter>Resource Files</Filter>
    </Image>
    <Image Include="..\src\main\resources\8x8.png">
      <Filter>Resource Files</Filter>
    </Image>
    <Image Include="..\src\main\resources\6.png">
      <Filter>Resource Files</Filter>
    </Image>
    <Image Include="..\src\main\resources\1x3.png">
      <Filter>Resource Files</Filter>
    </Image>
    <Image Include="..\src\main\resources\1p6.png">
      <Filter>Resource Files</Filter>
    </Image>
  </ItemGroup>
  <ItemGroup>
    <ClInclude Include="GeneratedFiles\ui_vscmainwindows.h">
      <Filter>Generated Files</Filter>
    </ClInclude>
    <ClInclude Include="GeneratedFiles\ui_vsctoolbar.h">
      <Filter>Generated Files</Filter>
    </ClInclude>
    <ClInclude Include="GeneratedFiles\ui_vscvidlist.h">
      <Filter>Generated Files</Filter>
    </ClInclude>
    <ClInclude Include="GeneratedFiles\ui_vscview.h">
      <Filter>Generated Files</Filter>
    </ClInclude>
    <ClInclude Include="..\..\include\config\clientconfdb.hpp">
      <Filter>include\config</Filter>
    </ClInclude>
    <ClInclude Include="..\..\include\config\clientconfdbimpl.hpp">
      <Filter>include\config</Filter>
    </ClInclude>
    <ClInclude Include="..\..\include\config\conf.hpp">
      <Filter>include\config</Filter>
    </ClInclude>
    <ClInclude Include="..\..\include\config\confdb.hpp">
      <Filter>include\config</Filter>
    </ClInclude>
    <ClInclude Include="..\..\include\config\confdbimpl.hpp">
      <Filter>include\config</Filter>
    </ClInclude>
    <ClInclude Include="..\..\include\config\sysdb.hpp">
      <Filter>include\config</Filter>
    </ClInclude>
    <ClInclude Include="..\..\include\config\vidconf.pb.h">
      <Filter>include\config</Filter>
    </ClInclude>
    <ClInclude Include="..\..\include\client\clientfactoryimpl.hpp">
      <Filter>include\client</Filter>
    </ClInclude>
    <ClInclude Include="..\..\include\client\storclientimpl.hpp">
      <Filter>include\client</Filter>
    </ClInclude>
    <ClInclude Include="..\..\include\client\storcmn.hpp">
      <Filter>include\client</Filter>
    </ClInclude>
    <ClInclude Include="..\..\include\client\storfactoryimpl.hpp">
      <Filter>include\client</Filter>
    </ClInclude>
    <ClInclude Include="..\..\include\client\storstreamimpl.hpp">
      <Filter>include\client</Filter>
    </ClInclude>
    <ClInclude Include="..\..\include\oapi\oapic.hpp">
      <Filter>include\oapi</Filter>
    </ClInclude>
    <ClInclude Include="..\..\include\oapi\oapicimpl.hpp">
      <Filter>include\oapi</Filter>
    </ClInclude>
    <ClInclude Include="..\..\include\oapi\oapicmn.hpp">
      <Filter>include\oapi</Filter>
    </ClInclude>
    <ClInclude Include="..\..\include\oapi\oapiproto.hpp">
      <Filter>include\oapi</Filter>
    </ClInclude>
    <ClInclude Include="..\..\include\oapi\oapis.hpp">
      <Filter>include\oapi</Filter>
    </ClInclude>
    <ClInclude Include="..\..\include\oapi\oapisimpl.hpp">
      <Filter>include\oapi</Filter>
    </ClInclude>
    <ClInclude Include="..\src\common\vscviditeminf.h">
      <Filter>src\common</Filter>
    </ClInclude>
    <ClInclude Include="..\src\common\viditem\vscviditemcam.h">
      <Filter>src\common\viditem</Filter>
    </ClInclude>
    <ClInclude Include="..\src\common\viditem\vscviditemvidstor.h">
      <Filter>src\common\viditem</Filter>
    </ClInclude>
  </ItemGroup>
</Project>