<?xml version="1.0" encoding="utf-8"?>
<Project ToolsVersion="4.0" xmlns="http://schemas.microsoft.com/developer/msbuild/2003">
  <ItemGroup>
    <Filter Include="Generated Files">
      <UniqueIdentifier>{71ED8ED8-ACB9-4CE9-BBE1-E00B30144E11}</UniqueIdentifier>
      <Extensions>moc;h;cpp</Extensions>
      <SourceControlFiles>False</SourceControlFiles>
    </Filter>
    <Filter Include="Generated Files\Debug">
      <UniqueIdentifier>{838bf31f-34f2-4683-b929-f476f336df5f}</UniqueIdentifier>
      <Extensions>cpp;moc</Extensions>
      <SourceControlFiles>False</SourceControlFiles>
    </Filter>
    <Filter Include="Generated Files\Release">
      <UniqueIdentifier>{70841eca-b9a9-4fdf-8302-e1a9d76e462f}</UniqueIdentifier>
      <Extensions>cpp;moc</Extensions>
      <SourceControlFiles>False</SourceControlFiles>
    </Filter>
    <Filter Include="Translation Files">
      <UniqueIdentifier>{639EADAA-A684-42e4-A9AD-28FC9BCB8F7C}</UniqueIdentifier>
      <Extensions>ts</Extensions>
      <ParseFiles>false</ParseFiles>
    </Filter>
    <Filter Include="src">
      <UniqueIdentifier>{2d9ce154-c22f-4e68-a111-32f6d3f6cb14}</UniqueIdentifier>
    </Filter>
    <Filter Include="src\main">
      <UniqueIdentifier>{7e293dab-352c-4c00-9e3c-ddedda26b011}</UniqueIdentifier>
    </Filter>
    <Filter Include="src\common">
      <UniqueIdentifier>{a14e4529-2b38-4f1d-b00d-a86329b0da0c}</UniqueIdentifier>
    </Filter>
    <Filter Include="src\live">
      <UniqueIdentifier>{6125d782-1b19-40cb-80d2-b21ebc10b8ce}</UniqueIdentifier>
    </Filter>
    <Filter Include="src\config">
      <UniqueIdentifier>{1a94dfbc-7aa6-4e8e-baf3-048e9428c29c}</UniqueIdentifier>
    </Filter>
    <Filter Include="Resource Files">
      <UniqueIdentifier>{D9D6E242-F8AF-46E4-B9FD-80ECBC20BA3E}</UniqueIdentifier>
      <Extensions>qrc;*</Extensions>
      <ParseFiles>false</ParseFiles>
    </Filter>
    <Filter Include="include">
      <UniqueIdentifier>{4ffbf49b-e4ab-461f-96b6-90ed8e4acb5e}</UniqueIdentifier>
    </Filter>
    <Filter Include="include\oapi">
      <UniqueIdentifier>{d60c978b-3b5c-4ad6-8b47-67885fa2ec3a}</UniqueIdentifier>
    </Filter>
    <Filter Include="include\config">
      <UniqueIdentifier>{067dbd58-f674-4d2a-b8d4-7f95fe49e688}</UniqueIdentifier>
    </Filter>
    <Filter Include="include\client">
      <UniqueIdentifier>{e9cd0b9f-14dd-4559-98e4-61467e2e6064}</UniqueIdentifier>
    </Filter>
    <Filter Include="src\common\viditem">
      <UniqueIdentifier>{bd7c3705-c5a6-47e0-a77b-300ec207eaf2}</UniqueIdentifier>
    </Filter>
    <Filter Include="src\common\vidtree">
      <UniqueIdentifier>{9d6a84c8-6f27-42d6-8529-c1ba2c78e759}</UniqueIdentifier>
    </Filter>
    <Filter Include="src\config\viditem">
      <UniqueIdentifier>{94531e73-aab8-4d04-808b-7fa68731dcfd}</UniqueIdentifier>
    </Filter>
    <Filter Include="src\config\vidstor">
      <UniqueIdentifier>{61d026e1-16ee-4e34-8fd4-f542f086ea4c}</UniqueIdentifier>
    </Filter>
    <Filter Include="src\config\vidstorconf">
      <UniqueIdentifier>{ed72cc8f-f402-4d16-bead-1ee57fdb5a44}</UniqueIdentifier>
    </Filter>
    <Filter Include="src\config\clientsetting">
      <UniqueIdentifier>{27678c33-e916-44cb-974e-54caf65bebb2}</UniqueIdentifier>
    </Filter>
    <Filter Include="src\config\vidstor\storsetting">
      <UniqueIdentifier>{87390c7e-83e5-46c1-8ca1-143798dde4ab}</UniqueIdentifier>
    </Filter>
    <Filter Include="src\config\vidstor\disksetting">
      <UniqueIdentifier>{0f1935d4-a005-4884-8bcf-deba58108424}</UniqueIdentifier>
    </Filter>
    <Filter Include="src\config\vidstor\camsetting">
      <UniqueIdentifier>{c306bffe-8724-4d72-8241-4fde1f201e79}</UniqueIdentifier>
    </Filter>
    <Filter Include="src\searchpb">
      <UniqueIdentifier>{e5ade071-3a0b-428c-9653-8c08fa3497e1}</UniqueIdentifier>
    </Filter>
    <Filter Include="src\config\vidview">
      <UniqueIdentifier>{ad8c89c1-557f-4b8f-81d6-eb37898d76e1}</UniqueIdentifier>
    </Filter>
    <Filter Include="src\config\videmap">
      <UniqueIdentifier>{bca11177-d161-4297-8638-d7d81f886664}</UniqueIdentifier>
    </Filter>
  </ItemGroup>
  <ItemGroup>
    <ResourceCompile Include="veclient.rc" />
  </ItemGroup>
  <ItemGroup>
    <None Include="icon1.ico" />
    <None Include="..\src\main\translations\opencvr_zh.ts">
      <Filter>Translation Files</Filter>
    </None>
  </ItemGroup>
  <ItemGroup>
    <ClCompile Include="..\src\main\main.cpp">
      <Filter>src\main</Filter>
    </ClCompile>
    <ClCompile Include="GeneratedFiles\qrc_vscmainwindows.cpp">
      <Filter>Generated Files</Filter>
    </ClCompile>
    <ClCompile Include="..\src\main\vscmainwindows.cpp">
      <Filter>src\main</Filter>
    </ClCompile>
    <ClCompile Include="GeneratedFiles\Debug\moc_vscmainwindows.cpp">
      <Filter>Generated Files\Debug</Filter>
    </ClCompile>
    <ClCompile Include="GeneratedFiles\Release\moc_vscmainwindows.cpp">
      <Filter>Generated Files\Release</Filter>
    </ClCompile>
    <ClCompile Include="..\src\main\vsctoobar.cpp">
      <Filter>src\main</Filter>
    </ClCompile>
    <ClCompile Include="GeneratedFiles\Debug\moc_vsctoolbar.cpp">
      <Filter>Generated Files\Debug</Filter>
    </ClCompile>
    <ClCompile Include="GeneratedFiles\Release\moc_vsctoolbar.cpp">
      <Filter>Generated Files\Release</Filter>
    </ClCompile>
    <ClCompile Include="..\src\common\vscvidinf.cpp">
      <Filter>src\common</Filter>
    </ClCompile>
    <ClCompile Include="GeneratedFiles\Debug\moc_vscvidinf.cpp">
      <Filter>Generated Files\Debug</Filter>
    </ClCompile>
    <ClCompile Include="GeneratedFiles\Release\moc_vscvidinf.cpp">
      <Filter>Generated Files\Release</Filter>
    </ClCompile>
    <ClCompile Include="..\src\config\vscvidconfig.cpp">
      <Filter>src\config</Filter>
    </ClCompile>
    <ClCompile Include="GeneratedFiles\Debug\moc_vscvidconfig.cpp">
      <Filter>Generated Files\Debug</Filter>
    </ClCompile>
    <ClCompile Include="GeneratedFiles\Release\moc_vscvidconfig.cpp">
      <Filter>Generated Files\Release</Filter>
    </ClCompile>
    <ClCompile Include="..\src\live\vscvidlive.cpp">
      <Filter>src\live</Filter>
    </ClCompile>
    <ClCompile Include="GeneratedFiles\Debug\moc_vscvidlive.cpp">
      <Filter>Generated Files\Debug</Filter>
    </ClCompile>
    <ClCompile Include="GeneratedFiles\Release\moc_vscvidlive.cpp">
      <Filter>Generated Files\Release</Filter>
    </ClCompile>
    <ClCompile Include="..\src\main\vscvidlist.cpp">
      <Filter>src\main</Filter>
    </ClCompile>
    <ClCompile Include="GeneratedFiles\Debug\moc_vscvidlist.cpp">
      <Filter>Generated Files\Debug</Filter>
    </ClCompile>
    <ClCompile Include="GeneratedFiles\Release\moc_vscvidlist.cpp">
      <Filter>Generated Files\Release</Filter>
    </ClCompile>
    <ClCompile Include="..\src\live\vscview.cpp">
      <Filter>src\live</Filter>
    </ClCompile>
    <ClCompile Include="GeneratedFiles\Debug\moc_vscview.cpp">
      <Filter>Generated Files\Debug</Filter>
    </ClCompile>
    <ClCompile Include="GeneratedFiles\Release\moc_vscview.cpp">
      <Filter>Generated Files\Release</Filter>
    </ClCompile>
    <ClCompile Include="GeneratedFiles\Debug\moc_clientfactory.cpp">
      <Filter>Generated Files\Debug</Filter>
    </ClCompile>
    <ClCompile Include="GeneratedFiles\Release\moc_clientfactory.cpp">
      <Filter>Generated Files\Release</Filter>
    </ClCompile>
    <ClCompile Include="GeneratedFiles\Debug\moc_storclient.cpp">
      <Filter>Generated Files\Debug</Filter>
    </ClCompile>
    <ClCompile Include="GeneratedFiles\Release\moc_storclient.cpp">
      <Filter>Generated Files\Release</Filter>
    </ClCompile>
    <ClCompile Include="GeneratedFiles\Debug\moc_storfactory.cpp">
      <Filter>Generated Files\Debug</Filter>
    </ClCompile>
    <ClCompile Include="GeneratedFiles\Release\moc_storfactory.cpp">
      <Filter>Generated Files\Release</Filter>
    </ClCompile>
    <ClCompile Include="GeneratedFiles\Debug\moc_storstream.cpp">
      <Filter>Generated Files\Debug</Filter>
    </ClCompile>
    <ClCompile Include="GeneratedFiles\Release\moc_storstream.cpp">
      <Filter>Generated Files\Release</Filter>
    </ClCompile>
    <ClCompile Include="..\src\main\vscvidlistframe.cpp">
      <Filter>src\main</Filter>
    </ClCompile>
    <ClCompile Include="GeneratedFiles\Debug\moc_vscvidlistframe.cpp">
      <Filter>Generated Files\Debug</Filter>
    </ClCompile>
    <ClCompile Include="GeneratedFiles\Release\moc_vscvidlistframe.cpp">
      <Filter>Generated Files\Release</Filter>
    </ClCompile>
    <ClCompile Include="..\src\common\vscvidtreeinf.cpp">
      <Filter>src\common</Filter>
    </ClCompile>
    <ClCompile Include="GeneratedFiles\Debug\moc_vscvidtreeinf.cpp">
      <Filter>Generated Files\Debug</Filter>
    </ClCompile>
    <ClCompile Include="GeneratedFiles\Release\moc_vscvidtreeinf.cpp">
      <Filter>Generated Files\Release</Filter>
    </ClCompile>
    <ClCompile Include="..\src\common\vscviditeminf.cpp">
      <Filter>src\common</Filter>
    </ClCompile>
    <ClCompile Include="..\src\common\vidtree\vscvidtreecam.cpp">
      <Filter>src\common\vidtree</Filter>
    </ClCompile>
    <ClCompile Include="GeneratedFiles\Debug\moc_vscvidtreecam.cpp">
      <Filter>Generated Files\Debug</Filter>
    </ClCompile>
    <ClCompile Include="GeneratedFiles\Release\moc_vscvidtreecam.cpp">
      <Filter>Generated Files\Release</Filter>
    </ClCompile>
    <ClCompile Include="..\src\common\viditem\vscviditemcam.cpp">
      <Filter>src\common\viditem</Filter>
    </ClCompile>
    <ClCompile Include="..\src\common\viditem\vscviditemvidstor.cpp">
      <Filter>src\common\viditem</Filter>
    </ClCompile>
    <ClCompile Include="..\src\config\vscvidtreeconf.cpp">
      <Filter>src\config</Filter>
    </ClCompile>
    <ClCompile Include="GeneratedFiles\Debug\moc_vscvidtreeconf.cpp">
      <Filter>Generated Files\Debug</Filter>
    </ClCompile>
    <ClCompile Include="GeneratedFiles\Release\moc_vscvidtreeconf.cpp">
      <Filter>Generated Files\Release</Filter>
    </ClCompile>
    <ClCompile Include="..\src\config\viditem\vscviditemaddstor.cpp">
      <Filter>src\config\viditem</Filter>
    </ClCompile>
    <ClCompile Include="..\src\config\vidstor\vidstoradd.cpp">
      <Filter>src\config\vidstor</Filter>
    </ClCompile>
    <ClCompile Include="GeneratedFiles\Debug\moc_vidstoradd.cpp">
      <Filter>Generated Files\Debug</Filter>
    </ClCompile>
    <ClCompile Include="GeneratedFiles\Release\moc_vidstoradd.cpp">
      <Filter>Generated Files\Release</Filter>
    </ClCompile>
    <ClCompile Include="..\src\config\viditem\vscviditemaddcam.cpp">
      <Filter>src\config\viditem</Filter>
    </ClCompile>
    <ClCompile Include="..\src\config\viditem\vscviditemcamconf.cpp">
      <Filter>src\config\viditem</Filter>
    </ClCompile>
    <ClCompile Include="..\src\config\viditem\vscviditemstorconf.cpp">
      <Filter>src\config\viditem</Filter>
    </ClCompile>
    <ClCompile Include="..\src\config\vidstor\vidcamadd.cpp">
      <Filter>src\config\vidstor</Filter>
    </ClCompile>
    <ClCompile Include="GeneratedFiles\Debug\moc_vidcamadd.cpp">
      <Filter>Generated Files\Debug</Filter>
    </ClCompile>
    <ClCompile Include="GeneratedFiles\Release\moc_vidcamadd.cpp">
      <Filter>Generated Files\Release</Filter>
    </ClCompile>
    <ClCompile Include="..\..\include\config\vidconf.pb.cc">
      <Filter>include\config</Filter>
    </ClCompile>
    <ClCompile Include="GeneratedFiles\Debug\moc_storsyncinf.cpp">
      <Filter>Generated Files\Debug</Filter>
    </ClCompile>
    <ClCompile Include="GeneratedFiles\Release\moc_storsyncinf.cpp">
      <Filter>Generated Files\Release</Filter>
    </ClCompile>
    <ClCompile Include="GeneratedFiles\Debug\moc_oapis.cpp">
      <Filter>Generated Files\Debug</Filter>
    </ClCompile>
    <ClCompile Include="GeneratedFiles\Release\moc_oapis.cpp">
      <Filter>Generated Files\Release</Filter>
    </ClCompile>
    <ClCompile Include="..\src\main\vsclogin.cpp">
      <Filter>src\main</Filter>
    </ClCompile>
    <ClCompile Include="GeneratedFiles\Debug\moc_vsclogin.cpp">
      <Filter>Generated Files\Debug</Filter>
    </ClCompile>
    <ClCompile Include="GeneratedFiles\Release\moc_vsclogin.cpp">
      <Filter>Generated Files\Release</Filter>
    </ClCompile>
    <ClCompile Include="..\src\main\vscuserstatus.cpp">
      <Filter>src\main</Filter>
    </ClCompile>
    <ClCompile Include="GeneratedFiles\Debug\moc_vscuserstatus.cpp">
      <Filter>Generated Files\Debug</Filter>
    </ClCompile>
    <ClCompile Include="GeneratedFiles\Release\moc_vscuserstatus.cpp">
      <Filter>Generated Files\Release</Filter>
    </ClCompile>
    <ClCompile Include="..\src\config\vidclientsetting.cpp">
      <Filter>src\config</Filter>
    </ClCompile>
    <ClCompile Include="GeneratedFiles\Debug\moc_vidclientsetting.cpp">
      <Filter>Generated Files\Debug</Filter>
    </ClCompile>
    <ClCompile Include="GeneratedFiles\Release\moc_vidclientsetting.cpp">
      <Filter>Generated Files\Release</Filter>
    </ClCompile>
    <ClCompile Include="..\src\config\clientsetting\vscversion.cpp">
      <Filter>src\config\clientsetting</Filter>
    </ClCompile>
    <ClCompile Include="GeneratedFiles\Debug\moc_vscversion.cpp">
      <Filter>Generated Files\Debug</Filter>
    </ClCompile>
    <ClCompile Include="GeneratedFiles\Release\moc_vscversion.cpp">
      <Filter>Generated Files\Release</Filter>
    </ClCompile>
    <ClCompile Include="..\src\config\vidstor\vidstorsetting.cpp">
      <Filter>src\config\vidstor</Filter>
    </ClCompile>
    <ClCompile Include="GeneratedFiles\Debug\moc_vidstorsetting.cpp">
      <Filter>Generated Files\Debug</Filter>
    </ClCompile>
    <ClCompile Include="GeneratedFiles\Release\moc_vidstorsetting.cpp">
      <Filter>Generated Files\Release</Filter>
    </ClCompile>
    <ClCompile Include="..\src\config\viditem\vscviditemclientconf.cpp">
      <Filter>src\config\viditem</Filter>
    </ClCompile>
    <ClCompile Include="..\src\config\viditem\vscviditemdiskconf.cpp">
      <Filter>src\config\viditem</Filter>
    </ClCompile>
    <ClCompile Include="..\src\common\switchbutton.cpp">
      <Filter>src\common</Filter>
    </ClCompile>
    <ClCompile Include="GeneratedFiles\Debug\moc_switchbutton.cpp">
      <Filter>Generated Files\Debug</Filter>
    </ClCompile>
    <ClCompile Include="GeneratedFiles\Release\moc_switchbutton.cpp">
      <Filter>Generated Files\Release</Filter>
    </ClCompile>
    <ClCompile Include="..\src\config\clientsetting\vsclanguage.cpp">
      <Filter>src\config\clientsetting</Filter>
    </ClCompile>
    <ClCompile Include="GeneratedFiles\Debug\moc_vsclanguage.cpp">
      <Filter>Generated Files\Debug</Filter>
    </ClCompile>
    <ClCompile Include="GeneratedFiles\Release\moc_vsclanguage.cpp">
      <Filter>Generated Files\Release</Filter>
    </ClCompile>
    <ClCompile Include="..\src\config\clientsetting\vsclicense.cpp">
      <Filter>src\config\clientsetting</Filter>
    </ClCompile>
    <ClCompile Include="GeneratedFiles\Debug\moc_vsclicense.cpp">
      <Filter>Generated Files\Debug</Filter>
    </ClCompile>
    <ClCompile Include="GeneratedFiles\Release\moc_vsclicense.cpp">
      <Filter>Generated Files\Release</Filter>
    </ClCompile>
    <ClCompile Include="..\src\config\clientsetting\vscuser.cpp">
      <Filter>src\config\clientsetting</Filter>
    </ClCompile>
    <ClCompile Include="GeneratedFiles\Debug\moc_vscuser.cpp">
      <Filter>Generated Files\Debug</Filter>
    </ClCompile>
    <ClCompile Include="GeneratedFiles\Release\moc_vscuser.cpp">
      <Filter>Generated Files\Release</Filter>
    </ClCompile>
    <ClCompile Include="..\src\config\vidstor\storsetting\vscstorversion.cpp">
      <Filter>src\config\vidstor\storsetting</Filter>
    </ClCompile>
    <ClCompile Include="GeneratedFiles\Debug\moc_vscstorversion.cpp">
      <Filter>Generated Files\Debug</Filter>
    </ClCompile>
    <ClCompile Include="GeneratedFiles\Release\moc_vscstorversion.cpp">
      <Filter>Generated Files\Release</Filter>
    </ClCompile>
    <ClCompile Include="..\src\config\vidstor\storsetting\vscstorlicense.cpp">
      <Filter>src\config\vidstor\storsetting</Filter>
    </ClCompile>
    <ClCompile Include="GeneratedFiles\Debug\moc_vscstorlicense.cpp">
      <Filter>Generated Files\Debug</Filter>
    </ClCompile>
    <ClCompile Include="GeneratedFiles\Release\moc_vscstorlicense.cpp">
      <Filter>Generated Files\Release</Filter>
    </ClCompile>
    <ClCompile Include="..\src\config\vidstor\storsetting\vscstoruser.cpp">
      <Filter>src\config\vidstor\storsetting</Filter>
    </ClCompile>
    <ClCompile Include="GeneratedFiles\Debug\moc_vscstoruser.cpp">
      <Filter>Generated Files\Debug</Filter>
    </ClCompile>
    <ClCompile Include="GeneratedFiles\Release\moc_vscstoruser.cpp">
      <Filter>Generated Files\Release</Filter>
    </ClCompile>
    <ClCompile Include="..\src\config\vidstor\disksetting\vschddedit.cpp">
      <Filter>src\config\vidstor\disksetting</Filter>
    </ClCompile>
    <ClCompile Include="GeneratedFiles\Debug\moc_vschddedit.cpp">
      <Filter>Generated Files\Debug</Filter>
    </ClCompile>
    <ClCompile Include="GeneratedFiles\Release\moc_vschddedit.cpp">
      <Filter>Generated Files\Release</Filter>
    </ClCompile>
    <ClCompile Include="..\src\config\vidstor\disksetting\vschddoneedit.cpp">
      <Filter>src\config\vidstor\disksetting</Filter>
    </ClCompile>
    <ClCompile Include="GeneratedFiles\Debug\moc_vschddoneedit.cpp">
      <Filter>Generated Files\Debug</Filter>
    </ClCompile>
    <ClCompile Include="GeneratedFiles\Release\moc_vschddoneedit.cpp">
      <Filter>Generated Files\Release</Filter>
    </ClCompile>
    <ClCompile Include="..\src\config\vidstor\camsetting\vsccaminfo.cpp">
      <Filter>src\config\vidstor\camsetting</Filter>
    </ClCompile>
    <ClCompile Include="GeneratedFiles\Debug\moc_vsccaminfo.cpp">
      <Filter>Generated Files\Debug</Filter>
    </ClCompile>
    <ClCompile Include="GeneratedFiles\Release\moc_vsccaminfo.cpp">
      <Filter>Generated Files\Release</Filter>
    </ClCompile>
    <ClCompile Include="..\src\config\vidstor\camsetting\vsccamrec.cpp">
      <Filter>src\config\vidstor\camsetting</Filter>
    </ClCompile>
    <ClCompile Include="GeneratedFiles\Debug\moc_vsccamrec.cpp">
      <Filter>Generated Files\Debug</Filter>
    </ClCompile>
    <ClCompile Include="GeneratedFiles\Release\moc_vsccamrec.cpp">
      <Filter>Generated Files\Release</Filter>
    </ClCompile>
    <ClCompile Include="..\src\config\vidstor\vidcamsetting.cpp">
      <Filter>src\config\vidstor</Filter>
    </ClCompile>
    <ClCompile Include="GeneratedFiles\Debug\moc_vidcamsetting.cpp">
      <Filter>Generated Files\Debug</Filter>
    </ClCompile>
    <ClCompile Include="GeneratedFiles\Release\moc_vidcamsetting.cpp">
      <Filter>Generated Files\Release</Filter>
    </ClCompile>
    <ClCompile Include="..\src\live\vvidpbview.cpp">
      <Filter>src\live</Filter>
    </ClCompile>
    <ClCompile Include="GeneratedFiles\Debug\moc_vvidpbview.cpp">
      <Filter>Generated Files\Debug</Filter>
    </ClCompile>
    <ClCompile Include="GeneratedFiles\Release\moc_vvidpbview.cpp">
      <Filter>Generated Files\Release</Filter>
    </ClCompile>
    <ClCompile Include="..\src\searchpb\vscvidsearchpb.cpp">
      <Filter>src\searchpb</Filter>
    </ClCompile>
    <ClCompile Include="GeneratedFiles\Debug\moc_vscvidsearchpb.cpp">
      <Filter>Generated Files\Debug</Filter>
    </ClCompile>
    <ClCompile Include="GeneratedFiles\Release\moc_vscvidsearchpb.cpp">
      <Filter>Generated Files\Release</Filter>
    </ClCompile>
    <ClCompile Include="..\src\main\vscdashboard.cpp">
      <Filter>src\main</Filter>
    </ClCompile>
    <ClCompile Include="GeneratedFiles\Debug\moc_vscdashboard.cpp">
      <Filter>Generated Files\Debug</Filter>
    </ClCompile>
    <ClCompile Include="GeneratedFiles\Release\moc_vscdashboard.cpp">
      <Filter>Generated Files\Release</Filter>
    </ClCompile>
    <ClCompile Include="..\src\main\vscdashboardtaskitem.cpp">
      <Filter>src\main</Filter>
    </ClCompile>
    <ClCompile Include="GeneratedFiles\Debug\moc_vscdashboardtaskitem.cpp">
      <Filter>Generated Files\Debug</Filter>
    </ClCompile>
    <ClCompile Include="GeneratedFiles\Release\moc_vscdashboardtaskitem.cpp">
      <Filter>Generated Files\Release</Filter>
    </ClCompile>
    <ClCompile Include="..\src\common\viditem\vscviditemview.cpp">
      <Filter>src\common\viditem</Filter>
    </ClCompile>
    <ClCompile Include="..\src\common\vidtree\vscvidtreeview.cpp">
      <Filter>src\common\vidtree</Filter>
    </ClCompile>
    <ClCompile Include="GeneratedFiles\Debug\moc_vscvidtreeview.cpp">
      <Filter>Generated Files\Debug</Filter>
    </ClCompile>
    <ClCompile Include="GeneratedFiles\Release\moc_vscvidtreeview.cpp">
      <Filter>Generated Files\Release</Filter>
    </ClCompile>
    <ClCompile Include="..\src\live\vscviewconf.cpp">
      <Filter>src\live</Filter>
    </ClCompile>
    <ClCompile Include="GeneratedFiles\Debug\moc_vscviewconf.cpp">
      <Filter>Generated Files\Debug</Filter>
    </ClCompile>
    <ClCompile Include="GeneratedFiles\Release\moc_vscviewconf.cpp">
      <Filter>Generated Files\Release</Filter>
    </ClCompile>
    <ClCompile Include="..\src\config\viditem\vscviditememapconf.cpp">
      <Filter>src\config\viditem</Filter>
    </ClCompile>
    <ClCompile Include="..\src\config\viditem\vscviditemviewconf.cpp">
      <Filter>src\config\viditem</Filter>
    </ClCompile>
    <ClCompile Include="..\src\config\videmap\videmapconf.cpp">
      <Filter>src\config\videmap</Filter>
    </ClCompile>
    <ClCompile Include="GeneratedFiles\Debug\moc_videmapconf.cpp">
      <Filter>Generated Files\Debug</Filter>
    </ClCompile>
    <ClCompile Include="GeneratedFiles\Release\moc_videmapconf.cpp">
      <Filter>Generated Files\Release</Filter>
    </ClCompile>
    <ClCompile Include="..\src\config\vidview\vidviewconf.cpp">
      <Filter>src\config\vidview</Filter>
    </ClCompile>
    <ClCompile Include="GeneratedFiles\Debug\moc_vidviewconf.cpp">
      <Filter>Generated Files\Debug</Filter>
    </ClCompile>
    <ClCompile Include="GeneratedFiles\Release\moc_vidviewconf.cpp">
      <Filter>Generated Files\Release</Filter>
    </ClCompile>
    <ClCompile Include="..\src\common\viditem\vscviditememap.cpp">
      <Filter>src\common\viditem</Filter>
    </ClCompile>
    <ClCompile Include="..\src\common\vidtree\vscvidtreeemap.cpp">
      <Filter>src\common\vidtree</Filter>
    </ClCompile>
    <ClCompile Include="GeneratedFiles\Debug\moc_vscvidtreeemap.cpp">
      <Filter>Generated Files\Debug</Filter>
    </ClCompile>
    <ClCompile Include="GeneratedFiles\Release\moc_vscvidtreeemap.cpp">
      <Filter>Generated Files\Release</Filter>
    </ClCompile>
    <ClCompile Include="..\src\config\vidstor\camsetting\vscstreamselect.cpp">
      <Filter>src\config\vidstor\camsetting</Filter>
    </ClCompile>
    <ClCompile Include="GeneratedFiles\Debug\moc_vscstreamselect.cpp">
      <Filter>Generated Files\Debug</Filter>
    </ClCompile>
    <ClCompile Include="GeneratedFiles\Release\moc_vscstreamselect.cpp">
      <Filter>Generated Files\Release</Filter>
    </ClCompile>
    <ClCompile Include="..\src\config\vidstor\camsetting\vscmotion.cpp">
      <Filter>src\config\vidstor\camsetting</Filter>
    </ClCompile>
    <ClCompile Include="GeneratedFiles\Debug\moc_vscmotion.cpp">
      <Filter>Generated Files\Debug</Filter>
    </ClCompile>
    <ClCompile Include="GeneratedFiles\Release\moc_vscmotion.cpp">
      <Filter>Generated Files\Release</Filter>
    </ClCompile>
    <ClCompile Include="GeneratedFiles\Debug\moc_vscviditemaddcam.cpp">
      <Filter>Generated Files\Debug</Filter>
    </ClCompile>
    <ClCompile Include="GeneratedFiles\Release\moc_vscviditemaddcam.cpp">
      <Filter>Generated Files\Release</Filter>
    </ClCompile>
    <ClCompile Include="GeneratedFiles\Debug\moc_vscviditemaddstor.cpp">
      <Filter>Generated Files\Debug</Filter>
    </ClCompile>
    <ClCompile Include="GeneratedFiles\Release\moc_vscviditemaddstor.cpp">
      <Filter>Generated Files\Release</Filter>
    </ClCompile>
    <ClCompile Include="GeneratedFiles\Debug\moc_vscviditemcamconf.cpp">
      <Filter>Generated Files\Debug</Filter>
    </ClCompile>
    <ClCompile Include="GeneratedFiles\Release\moc_vscviditemcamconf.cpp">
      <Filter>Generated Files\Release</Filter>
    </ClCompile>
    <ClCompile Include="GeneratedFiles\Debug\moc_vscviditemclientconf.cpp">
      <Filter>Generated Files\Debug</Filter>
    </ClCompile>
    <ClCompile Include="GeneratedFiles\Release\moc_vscviditemclientconf.cpp">
      <Filter>Generated Files\Release</Filter>
    </ClCompile>
    <ClCompile Include="GeneratedFiles\Debug\moc_vscviditemdiskconf.cpp">
      <Filter>Generated Files\Debug</Filter>
    </ClCompile>
    <ClCompile Include="GeneratedFiles\Release\moc_vscviditemdiskconf.cpp">
      <Filter>Generated Files\Release</Filter>
    </ClCompile>
    <ClCompile Include="GeneratedFiles\Debug\moc_vscviditememapconf.cpp">
      <Filter>Generated Files\Debug</Filter>
    </ClCompile>
    <ClCompile Include="GeneratedFiles\Release\moc_vscviditememapconf.cpp">
      <Filter>Generated Files\Release</Filter>
    </ClCompile>
    <ClCompile Include="GeneratedFiles\Debug\moc_vscviditemstorconf.cpp">
      <Filter>Generated Files\Debug</Filter>
    </ClCompile>
    <ClCompile Include="GeneratedFiles\Release\moc_vscviditemstorconf.cpp">
      <Filter>Generated Files\Release</Filter>
    </ClCompile>
    <ClCompile Include="GeneratedFiles\Debug\moc_vscviditemviewconf.cpp">
      <Filter>Generated Files\Debug</Filter>
    </ClCompile>
    <ClCompile Include="GeneratedFiles\Release\moc_vscviditemviewconf.cpp">
      <Filter>Generated Files\Release</Filter>
    </ClCompile>
    <ClCompile Include="GeneratedFiles\Debug\moc_vscviditeminf.cpp">
      <Filter>Generated Files\Debug</Filter>
    </ClCompile>
    <ClCompile Include="GeneratedFiles\Release\moc_vscviditeminf.cpp">
      <Filter>Generated Files\Release</Filter>
    </ClCompile>
    <ClCompile Include="GeneratedFiles\Debug\moc_vscviditemvidstor.cpp">
      <Filter>Generated Files\Debug</Filter>
    </ClCompile>
    <ClCompile Include="GeneratedFiles\Release\moc_vscviditemvidstor.cpp">
      <Filter>Generated Files\Release</Filter>
    </ClCompile>
    <ClCompile Include="..\src\main\vsceventconsole.cpp">
      <Filter>src\main</Filter>
    </ClCompile>
    <ClCompile Include="GeneratedFiles\Debug\moc_vsceventconsole.cpp">
      <Filter>Generated Files\Debug</Filter>
    </ClCompile>
    <ClCompile Include="GeneratedFiles\Release\moc_vsceventconsole.cpp">
      <Filter>Generated Files\Release</Filter>
    </ClCompile>
    <ClCompile Include="..\src\main\vscabout.cpp">
      <Filter>src\main</Filter>
    </ClCompile>
    <ClCompile Include="GeneratedFiles\Debug\moc_vscabout.cpp">
      <Filter>Generated Files\Debug</Filter>
    </ClCompile>
    <ClCompile Include="GeneratedFiles\Release\moc_vscabout.cpp">
      <Filter>Generated Files\Release</Filter>
    </ClCompile>
    <ClCompile Include="..\src\config\vidstor\camsetting\vscschedule.cpp">
      <Filter>src\config\vidstor\camsetting</Filter>
    </ClCompile>
    <ClCompile Include="GeneratedFiles\Debug\moc_vscschedule.cpp">
      <Filter>Generated Files\Debug</Filter>
    </ClCompile>
    <ClCompile Include="GeneratedFiles\Release\moc_vscschedule.cpp">
      <Filter>Generated Files\Release</Filter>
    </ClCompile>
    <ClCompile Include="..\src\searchpb\vscvideventsearch.cpp">
      <Filter>src\searchpb</Filter>
    </ClCompile>
    <ClCompile Include="GeneratedFiles\Debug\moc_vscvideventsearch.cpp">
      <Filter>Generated Files\Debug</Filter>
    </ClCompile>
    <ClCompile Include="GeneratedFiles\Release\moc_vscvideventsearch.cpp">
      <Filter>Generated Files\Release</Filter>
    </ClCompile>
  </ItemGroup>
  <ItemGroup>
    <CustomBuild Include="..\src\main\vscmainwindows.qrc">
      <Filter>src\main</Filter>
    </CustomBuild>
    <CustomBuild Include="..\src\main\vscmainwindows.h">
      <Filter>src\main</Filter>
    </CustomBuild>
    <CustomBuild Include="..\src\main\vscmainwindows.ui">
      <Filter>src\main</Filter>
    </CustomBuild>
    <CustomBuild Include="..\src\main\vsctoolbar.h">
      <Filter>src\main</Filter>
    </CustomBuild>
    <CustomBuild Include="..\src\main\vsctoolbar.ui">
      <Filter>src\main</Filter>
    </CustomBuild>
    <CustomBuild Include="..\src\common\vscvidinf.h">
      <Filter>src\common</Filter>
    </CustomBuild>
    <CustomBuild Include="..\src\config\vscvidconfig.h">
      <Filter>src\config</Filter>
    </CustomBuild>
    <CustomBuild Include="..\src\live\vscvidlive.h">
      <Filter>src\live</Filter>
    </CustomBuild>
    <CustomBuild Include="..\src\main\vscvidlist.h">
      <Filter>src\main</Filter>
    </CustomBuild>
    <CustomBuild Include="..\src\main\vscvidlist.ui">
      <Filter>src\main</Filter>
    </CustomBuild>
    <CustomBuild Include="..\src\live\vscview.ui">
      <Filter>src\live</Filter>
    </CustomBuild>
    <CustomBuild Include="..\src\live\vscview.h">
      <Filter>src\live</Filter>
    </CustomBuild>
    <CustomBuild Include="..\..\include\client\clientfactory.hpp">
      <Filter>include\client</Filter>
    </CustomBuild>
    <CustomBuild Include="..\..\include\client\storclient.hpp">
      <Filter>include\client</Filter>
    </CustomBuild>
    <CustomBuild Include="..\..\include\client\storfactory.hpp">
      <Filter>include\client</Filter>
    </CustomBuild>
    <CustomBuild Include="..\..\include\client\storstream.hpp">
      <Filter>include\client</Filter>
    </CustomBuild>
    <CustomBuild Include="..\src\main\vscvidlistframe.h">
      <Filter>src\main</Filter>
    </CustomBuild>
    <CustomBuild Include="..\src\common\vscvidtreeinf.h">
      <Filter>src\common</Filter>
    </CustomBuild>
    <CustomBuild Include="..\src\common\vidtree\vscvidtreecam.h">
      <Filter>src\common\vidtree</Filter>
    </CustomBuild>
    <CustomBuild Include="..\src\config\vscvidtreeconf.h">
      <Filter>src\config</Filter>
    </CustomBuild>
    <CustomBuild Include="..\src\config\vidstor\vidstoradd.h">
      <Filter>src\config\vidstor</Filter>
    </CustomBuild>
    <CustomBuild Include="..\src\config\vidstor\vidstoradd.ui">
      <Filter>src\config\vidstor</Filter>
    </CustomBuild>
    <CustomBuild Include="..\src\config\vidstor\vidcamadd.h">
      <Filter>src\config\vidstor</Filter>
    </CustomBuild>
    <CustomBuild Include="..\src\config\vidstor\vidcamadd.ui">
      <Filter>src\config\vidstor</Filter>
    </CustomBuild>
    <CustomBuild Include="..\..\include\client\storsyncinf.hpp">
      <Filter>include\client</Filter>
    </CustomBuild>
    <CustomBuild Include="..\..\include\oapi\oapis.hpp">
      <Filter>include\oapi</Filter>
    </CustomBuild>
    <CustomBuild Include="..\src\main\vsclogin.h">
      <Filter>src\main</Filter>
    </CustomBuild>
    <CustomBuild Include="..\src\main\vsclogin.ui">
      <Filter>src\main</Filter>
    </CustomBuild>
    <CustomBuild Include="..\src\main\vscuserstatus.h">
      <Filter>src\main</Filter>
    </CustomBuild>
    <CustomBuild Include="..\src\main\vscuserstatus.ui">
      <Filter>src\main</Filter>
    </CustomBuild>
    <CustomBuild Include="..\src\config\vidclientsetting.h">
      <Filter>src\config</Filter>
    </CustomBuild>
    <CustomBuild Include="..\src\config\vidclientsetting.ui">
      <Filter>src\config</Filter>
    </CustomBuild>
    <CustomBuild Include="..\src\config\clientsetting\vscversion.h">
      <Filter>src\config\clientsetting</Filter>
    </CustomBuild>
    <CustomBuild Include="..\src\config\clientsetting\vscversion.ui">
      <Filter>src\config\clientsetting</Filter>
    </CustomBuild>
    <CustomBuild Include="..\src\config\vidstor\vidstorsetting.h">
      <Filter>src\config\vidstor</Filter>
    </CustomBuild>
    <CustomBuild Include="..\src\config\vidstor\vidstorsetting.ui">
      <Filter>src\config\vidstor</Filter>
    </CustomBuild>
    <CustomBuild Include="..\src\common\switchbutton.h">
      <Filter>src\common</Filter>
    </CustomBuild>
    <CustomBuild Include="..\src\config\clientsetting\vsclanguage.h">
      <Filter>src\config\clientsetting</Filter>
    </CustomBuild>
    <CustomBuild Include="..\src\config\clientsetting\vsclanguage.ui">
      <Filter>src\config\clientsetting</Filter>
    </CustomBuild>
    <CustomBuild Include="..\src\config\clientsetting\vsclicense.h">
      <Filter>src\config\clientsetting</Filter>
    </CustomBuild>
    <CustomBuild Include="..\src\config\clientsetting\vsclicense.ui">
      <Filter>src\config\clientsetting</Filter>
    </CustomBuild>
    <CustomBuild Include="..\src\config\clientsetting\vscuser.h">
      <Filter>src\config\clientsetting</Filter>
    </CustomBuild>
    <CustomBuild Include="..\src\config\clientsetting\vscuser.ui">
      <Filter>src\config\clientsetting</Filter>
    </CustomBuild>
    <CustomBuild Include="..\src\config\vidstor\storsetting\vscstorversion.h">
      <Filter>src\config\vidstor\storsetting</Filter>
    </CustomBuild>
    <CustomBuild Include="..\src\config\vidstor\storsetting\vscstorversion.ui">
      <Filter>src\config\vidstor\storsetting</Filter>
    </CustomBuild>
    <CustomBuild Include="..\src\config\vidstor\storsetting\vscstorlicense.h">
      <Filter>src\config\vidstor\storsetting</Filter>
    </CustomBuild>
    <CustomBuild Include="..\src\config\vidstor\storsetting\vscstorlicense.ui">
      <Filter>src\config\vidstor\storsetting</Filter>
    </CustomBuild>
    <CustomBuild Include="..\src\config\vidstor\storsetting\vscstoruser.h">
      <Filter>src\config\vidstor\storsetting</Filter>
    </CustomBuild>
    <CustomBuild Include="..\src\config\vidstor\storsetting\vscstoruser.ui">
      <Filter>src\config\vidstor\storsetting</Filter>
    </CustomBuild>
    <CustomBuild Include="..\src\config\vidstor\disksetting\vschddedit.h">
      <Filter>src\config\vidstor\disksetting</Filter>
    </CustomBuild>
    <CustomBuild Include="..\src\config\vidstor\disksetting\vschddedit.ui">
      <Filter>src\config\vidstor\disksetting</Filter>
    </CustomBuild>
    <CustomBuild Include="..\src\config\vidstor\disksetting\vschddoneedit.h">
      <Filter>src\config\vidstor\disksetting</Filter>
    </CustomBuild>
    <CustomBuild Include="..\src\config\vidstor\disksetting\vschddoneedit.ui">
      <Filter>src\config\vidstor\disksetting</Filter>
    </CustomBuild>
    <CustomBuild Include="..\src\config\vidstor\camsetting\vsccaminfo.h">
      <Filter>src\config\vidstor\camsetting</Filter>
    </CustomBuild>
    <CustomBuild Include="..\src\config\vidstor\camsetting\vsccaminfo.ui">
      <Filter>src\config\vidstor\camsetting</Filter>
    </CustomBuild>
    <CustomBuild Include="..\src\config\vidstor\camsetting\vsccamrec.h">
      <Filter>src\config\vidstor\camsetting</Filter>
    </CustomBuild>
    <CustomBuild Include="..\src\config\vidstor\camsetting\vsccamrec.ui">
      <Filter>src\config\vidstor\camsetting</Filter>
    </CustomBuild>
    <CustomBuild Include="..\src\config\vidstor\vidcamsetting.h">
      <Filter>src\config\vidstor</Filter>
    </CustomBuild>
    <CustomBuild Include="..\src\config\vidstor\vidcamsetting.ui">
      <Filter>src\config\vidstor</Filter>
    </CustomBuild>
    <CustomBuild Include="..\src\live\vvidpbview.h">
      <Filter>src\live</Filter>
    </CustomBuild>
    <CustomBuild Include="..\src\live\vvidpbview.ui">
      <Filter>src\live</Filter>
    </CustomBuild>
    <CustomBuild Include="..\src\searchpb\vscvidsearchpb.h">
      <Filter>src\searchpb</Filter>
    </CustomBuild>
    <CustomBuild Include="..\src\main\vscdashboard.h">
      <Filter>src\main</Filter>
    </CustomBuild>
    <CustomBuild Include="..\src\main\vscdashboard.ui">
      <Filter>src\main</Filter>
    </CustomBuild>
    <CustomBuild Include="..\src\main\vscdashboardtaskitem.h">
      <Filter>src\main</Filter>
    </CustomBuild>
    <CustomBuild Include="..\src\main\vscdashboardtaskitem.ui">
      <Filter>src\main</Filter>
    </CustomBuild>
    <CustomBuild Include="..\src\common\vidtree\vscvidtreeview.h">
      <Filter>src\common\vidtree</Filter>
    </CustomBuild>
    <CustomBuild Include="..\src\live\vscviewconf.h">
      <Filter>src\live</Filter>
    </CustomBuild>
    <CustomBuild Include="..\src\live\vscviewconf.ui">
      <Filter>src\live</Filter>
    </CustomBuild>
    <CustomBuild Include="..\src\config\videmap\videmapconf.h">
      <Filter>src\config\videmap</Filter>
    </CustomBuild>
    <CustomBuild Include="..\src\config\videmap\videmapconf.ui">
      <Filter>src\config\videmap</Filter>
    </CustomBuild>
    <CustomBuild Include="..\src\config\vidview\vidviewconf.h">
      <Filter>src\config\vidview</Filter>
    </CustomBuild>
    <CustomBuild Include="..\src\config\vidview\vidviewconf.ui">
      <Filter>src\config\vidview</Filter>
    </CustomBuild>
    <CustomBuild Include="..\src\common\vidtree\vscvidtreeemap.h">
      <Filter>src\common\vidtree</Filter>
    </CustomBuild>
    <CustomBuild Include="..\src\config\vidstor\camsetting\vscstreamselect.h">
      <Filter>src\config\vidstor\camsetting</Filter>
    </CustomBuild>
    <CustomBuild Include="..\src\config\vidstor\camsetting\vscstreamselect.ui">
      <Filter>src\config\vidstor\camsetting</Filter>
    </CustomBuild>
    <CustomBuild Include="..\src\config\vidstor\camsetting\vscmotion.h">
      <Filter>src\config\vidstor\camsetting</Filter>
    </CustomBuild>
    <CustomBuild Include="..\src\config\vidstor\camsetting\vscmotion.ui">
      <Filter>src\config\vidstor\camsetting</Filter>
    </CustomBuild>
    <CustomBuild Include="..\src\config\viditem\vscviditemaddcam.h">
      <Filter>src\config\viditem</Filter>
    </CustomBuild>
    <CustomBuild Include="..\src\config\viditem\vscviditemaddstor.h">
      <Filter>src\config\viditem</Filter>
    </CustomBuild>
    <CustomBuild Include="..\src\config\viditem\vscviditemcamconf.h">
      <Filter>src\config\viditem</Filter>
    </CustomBuild>
    <CustomBuild Include="..\src\config\viditem\vscviditemclientconf.h">
      <Filter>src\config\viditem</Filter>
    </CustomBuild>
    <CustomBuild Include="..\src\config\viditem\vscviditemdiskconf.h">
      <Filter>src\config\viditem</Filter>
    </CustomBuild>
    <CustomBuild Include="..\src\config\viditem\vscviditememapconf.h">
      <Filter>src\config\viditem</Filter>
    </CustomBuild>
    <CustomBuild Include="..\src\config\viditem\vscviditemstorconf.h">
      <Filter>src\config\viditem</Filter>
    </CustomBuild>
    <CustomBuild Include="..\src\config\viditem\vscviditemviewconf.h">
      <Filter>src\config\viditem</Filter>
    </CustomBuild>
    <CustomBuild Include="..\src\common\vscviditeminf.h">
      <Filter>src\common</Filter>
    </CustomBuild>
    <CustomBuild Include="..\src\common\viditem\vscviditemvidstor.h">
      <Filter>src\common\viditem</Filter>
    </CustomBuild>
    <CustomBuild Include="..\src\main\vsceventconsole.h">
      <Filter>src\main</Filter>
    </CustomBuild>
    <CustomBuild Include="..\src\main\vsceventconsole.ui">
      <Filter>src\main</Filter>
    </CustomBuild>
    <CustomBuild Include="..\src\main\vscabout.h">
      <Filter>src\main</Filter>
    </CustomBuild>
    <CustomBuild Include="..\src\main\vscabout.ui">
      <Filter>src\main</Filter>
    </CustomBuild>
    <CustomBuild Include="..\src\config\vidstor\camsetting\vscschedule.h">
      <Filter>src\config\vidstor\camsetting</Filter>
    </CustomBuild>
    <CustomBuild Include="..\src\config\vidstor\camsetting\vscschedule.ui">
      <Filter>src\config\vidstor\camsetting</Filter>
    </CustomBuild>
    <CustomBuild Include="..\src\searchpb\vscvideventsearch.h">
      <Filter>src\searchpb</Filter>
    </CustomBuild>
    <CustomBuild Include="..\src\searchpb\vscvideventsearch.ui">
      <Filter>src\searchpb</Filter>
    </CustomBuild>
  </ItemGroup>
  <ItemGroup>
    <Image Include="..\src\main\resources\splash.png">
      <Filter>Resource Files</Filter>
    </Image>
    <Image Include="..\src\main\resources\vscsmall.png">
      <Filter>Resource Files</Filter>
    </Image>
    <Image Include="..\src\main\resources\vsclogoc.png">
      <Filter>Resource Files</Filter>
    </Image>
    <Image Include="..\src\main\resources\vsclogod.png">
      <Filter>Resource Files</Filter>
    </Image>
    <Image Include="..\src\main\resources\vscsmall2.png">
      <Filter>Resource Files</Filter>
    </Image>
    <Image Include="..\src\main\resources\surveillance.png">
      <Filter>Resource Files</Filter>
    </Image>
    <Image Include="..\src\main\resources\search.png">
      <Filter>Resource Files</Filter>
    </Image>
    <Image Include="..\src\main\resources\user-trash-2.png">
      <Filter>Resource Files</Filter>
    </Image>
    <Image Include="..\src\main\resources\videosearch.png">
      <Filter>Resource Files</Filter>
    </Image>
    <Image Include="..\src\main\resources\computer.png">
      <Filter>Resource Files</Filter>
    </Image>
    <Image Include="..\src\main\resources\display.png">
      <Filter>Resource Files</Filter>
    </Image>
    <Image Include="..\src\main\resources\view-fullscreen.png">
      <Filter>Resource Files</Filter>
    </Image>
    <Image Include="..\src\main\resources\setting.png">
      <Filter>Resource Files</Filter>
    </Image>
    <Image Include="..\src\main\resources\recordstart.png">
      <Filter>Resource Files</Filter>
    </Image>
    <Image Include="..\src\main\resources\recordstop.png">
      <Filter>Resource Files</Filter>
    </Image>
    <Image Include="..\src\main\resources\edit.png">
      <Filter>Resource Files</Filter>
    </Image>
    <Image Include="..\src\main\resources\new.png">
      <Filter>Resource Files</Filter>
    </Image>
    <Image Include="..\src\main\resources\float.png">
      <Filter>Resource Files</Filter>
    </Image>
    <Image Include="..\src\main\resources\tabbed.png">
      <Filter>Resource Files</Filter>
    </Image>
    <Image Include="..\src\main\resources\stop.png">
      <Filter>Resource Files</Filter>
    </Image>
    <Image Include="..\src\main\resources\control_panel.png">
      <Filter>Resource Files</Filter>
    </Image>
    <Image Include="..\src\main\resources\refresh.png">
      <Filter>Resource Files</Filter>
    </Image>
    <Image Include="..\src\main\resources\alarm.png">
      <Filter>Resource Files</Filter>
    </Image>
    <Image Include="..\src\main\resources\alarmno.png">
      <Filter>Resource Files</Filter>
    </Image>
    <Image Include="..\src\main\resources\map.png">
      <Filter>Resource Files</Filter>
    </Image>
    <Image Include="..\src\main\resources\user.png">
      <Filter>Resource Files</Filter>
    </Image>
    <Image Include="..\src\main\resources\mining.png">
      <Filter>Resource Files</Filter>
    </Image>
    <Image Include="..\src\main\resources\syncpb.png">
      <Filter>Resource Files</Filter>
    </Image>
    <Image Include="..\src\main\resources\button.png">
      <Filter>Resource Files</Filter>
    </Image>
    <Image Include="..\src\main\resources\buttonpress.png">
      <Filter>Resource Files</Filter>
    </Image>
    <Image Include="..\src\main\resources\buttonhover.png">
      <Filter>Resource Files</Filter>
    </Image>
    <Image Include="..\src\main\resources\hdfsstartrecord.png">
      <Filter>Resource Files</Filter>
    </Image>
    <Image Include="..\src\main\resources\hdfsstoprecord.png">
      <Filter>Resource Files</Filter>
    </Image>
    <Image Include="..\src\main\resources\hadoop.png">
      <Filter>Resource Files</Filter>
    </Image>
    <Image Include="..\src\main\resources\dome-recordhdfs.png">
      <Filter>Resource Files</Filter>
    </Image>
    <Image Include="..\src\main\resources\switchputton.png">
      <Filter>Resource Files</Filter>
    </Image>
    <Image Include="..\src\main\resources\radiobutton_checked.png">
      <Filter>Resource Files</Filter>
    </Image>
    <Image Include="..\src\main\resources\radiobutton_checked_hover.png">
      <Filter>Resource Files</Filter>
    </Image>
    <Image Include="..\src\main\resources\radiobutton_checked_pressed.png">
      <Filter>Resource Files</Filter>
    </Image>
    <Image Include="..\src\main\resources\radiobutton_unchecked.png">
      <Filter>Resource Files</Filter>
    </Image>
    <Image Include="..\src\main\resources\radiobutton_unchecked_hover.png">
      <Filter>Resource Files</Filter>
    </Image>
    <Image Include="..\src\main\resources\radiobutton_unchecked_pressed.png">
      <Filter>Resource Files</Filter>
    </Image>
    <Image Include="..\src\main\resources\plan.png">
      <Filter>Resource Files</Filter>
    </Image>
    <Image Include="..\src\main\resources\toursetting.png">
      <Filter>Resource Files</Filter>
    </Image>
    <Image Include="..\src\main\resources\processing.gif">
      <Filter>Resource Files</Filter>
    </Image>
    <Image Include="..\src\main\resources\tourstop.png">
      <Filter>Resource Files</Filter>
    </Image>
    <Image Include="..\src\main\resources\tourplay.png">
      <Filter>Resource Files</Filter>
    </Image>
    <Image Include="..\src\main\resources\panel.png">
      <Filter>Resource Files</Filter>
    </Image>
    <Image Include="..\src\main\resources\folder.png">
      <Filter>Resource Files</Filter>
    </Image>
    <Image Include="..\src\main\resources\searchplayback.png">
      <Filter>Resource Files</Filter>
    </Image>
    <Image Include="..\src\main\resources\cancel.png">
      <Filter>Resource Files</Filter>
    </Image>
    <Image Include="..\src\main\resources\camera.png">
      <Filter>Resource Files</Filter>
    </Image>
    <Image Include="..\src\main\resources\camera1.png">
      <Filter>Resource Files</Filter>
    </Image>
    <Image Include="..\src\main\resources\view.png">
      <Filter>Resource Files</Filter>
    </Image>
    <Image Include="..\src\main\resources\harddisk.png">
      <Filter>Resource Files</Filter>
    </Image>
    <Image Include="..\src\main\resources\camera-record.png">
      <Filter>Resource Files</Filter>
    </Image>
    <Image Include="..\src\main\resources\dome.png">
      <Filter>Resource Files</Filter>
    </Image>
    <Image Include="..\src\main\resources\dome-record.png">
      <Filter>Resource Files</Filter>
    </Image>
    <Image Include="..\src\main\resources\virtualipc.png">
      <Filter>Resource Files</Filter>
    </Image>
    <Image Include="..\src\main\resources\view1.png">
      <Filter>Resource Files</Filter>
    </Image>
    <Image Include="..\src\main\resources\camgroup.png">
      <Filter>Resource Files</Filter>
    </Image>
    <Image Include="..\src\main\resources\1x1.png">
      <Filter>Resource Files</Filter>
    </Image>
    <Image Include="..\src\main\resources\2x2.png">
      <Filter>Resource Files</Filter>
    </Image>
    <Image Include="..\src\main\resources\3x3.png">
      <Filter>Resource Files</Filter>
    </Image>
    <Image Include="..\src\main\resources\4x4.png">
      <Filter>Resource Files</Filter>
    </Image>
    <Image Include="..\src\main\resources\12+1.png">
      <Filter>Resource Files</Filter>
    </Image>
    <Image Include="..\src\main\resources\5x5.png">
      <Filter>Resource Files</Filter>
    </Image>
    <Image Include="..\src\main\resources\6x6.png">
      <Filter>Resource Files</Filter>
    </Image>
    <Image Include="..\src\main\resources\8x8.png">
      <Filter>Resource Files</Filter>
    </Image>
    <Image Include="..\src\main\resources\6.png">
      <Filter>Resource Files</Filter>
    </Image>
    <Image Include="..\src\main\resources\1x3.png">
      <Filter>Resource Files</Filter>
    </Image>
    <Image Include="..\src\main\resources\1p6.png">
      <Filter>Resource Files</Filter>
    </Image>
  </ItemGroup>
  <ItemGroup>
    <ClInclude Include="GeneratedFiles\ui_vscmainwindows.h">
      <Filter>Generated Files</Filter>
    </ClInclude>
    <ClInclude Include="GeneratedFiles\ui_vsctoolbar.h">
      <Filter>Generated Files</Filter>
    </ClInclude>
    <ClInclude Include="GeneratedFiles\ui_vscvidlist.h">
      <Filter>Generated Files</Filter>
    </ClInclude>
    <ClInclude Include="GeneratedFiles\ui_vscview.h">
      <Filter>Generated Files</Filter>
    </ClInclude>
    <ClInclude Include="..\..\include\config\clientconfdb.hpp">
      <Filter>include\config</Filter>
    </ClInclude>
    <ClInclude Include="..\..\include\config\clientconfdbimpl.hpp">
      <Filter>include\config</Filter>
    </ClInclude>
    <ClInclude Include="..\..\include\config\conf.hpp">
      <Filter>include\config</Filter>
    </ClInclude>
    <ClInclude Include="..\..\include\config\confdb.hpp">
      <Filter>include\config</Filter>
    </ClInclude>
    <ClInclude Include="..\..\include\config\confdbimpl.hpp">
      <Filter>include\config</Filter>
    </ClInclude>
    <ClInclude Include="..\..\include\config\sysdb.hpp">
      <Filter>include\config</Filter>
    </ClInclude>
    <ClInclude Include="..\..\include\config\vidconf.pb.h">
      <Filter>include\config</Filter>
    </ClInclude>
    <ClInclude Include="..\..\include\client\clientfactoryimpl.hpp">
      <Filter>include\client</Filter>
    </ClInclude>
    <ClInclude Include="..\..\include\client\storclientimpl.hpp">
      <Filter>include\client</Filter>
    </ClInclude>
    <ClInclude Include="..\..\include\client\storcmn.hpp">
      <Filter>include\client</Filter>
    </ClInclude>
    <ClInclude Include="..\..\include\client\storfactoryimpl.hpp">
      <Filter>include\client</Filter>
    </ClInclude>
    <ClInclude Include="..\..\include\client\storstreamimpl.hpp">
      <Filter>include\client</Filter>
    </ClInclude>
    <ClInclude Include="..\..\include\oapi\oapic.hpp">
      <Filter>include\oapi</Filter>
    </ClInclude>
    <ClInclude Include="..\..\include\oapi\oapicimpl.hpp">
      <Filter>include\oapi</Filter>
    </ClInclude>
    <ClInclude Include="..\..\include\oapi\oapicmn.hpp">
      <Filter>include\oapi</Filter>
    </ClInclude>
    <ClInclude Include="..\..\include\oapi\oapiproto.hpp">
      <Filter>include\oapi</Filter>
    </ClInclude>
    <ClInclude Include="..\..\include\oapi\oapisimpl.hpp">
      <Filter>include\oapi</Filter>
    </ClInclude>
    <ClInclude Include="..\src\common\viditem\vscviditemcam.h">
      <Filter>src\common\viditem</Filter>
    </ClInclude>
    <ClInclude Include="GeneratedFiles\ui_vidstoradd.h">
      <Filter>Generated Files</Filter>
    </ClInclude>
    <ClInclude Include="GeneratedFiles\ui_vidcamadd.h">
      <Filter>Generated Files</Filter>
    </ClInclude>
    <ClInclude Include="..\..\include\client\storsyncinfimpl.hpp">
      <Filter>include\client</Filter>
    </ClInclude>
    <ClInclude Include="GeneratedFiles\ui_vsclogin.h">
      <Filter>Generated Files</Filter>
    </ClInclude>
    <ClInclude Include="GeneratedFiles\ui_vscuserstatus.h">
      <Filter>Generated Files</Filter>
    </ClInclude>
    <ClInclude Include="GeneratedFiles\ui_vidclientsetting.h">
      <Filter>Generated Files</Filter>
    </ClInclude>
    <ClInclude Include="GeneratedFiles\ui_vscversion.h">
      <Filter>Generated Files</Filter>
    </ClInclude>
    <ClInclude Include="GeneratedFiles\ui_vidstorsetting.h">
      <Filter>Generated Files</Filter>
    </ClInclude>
    <ClInclude Include="GeneratedFiles\ui_vsclanguage.h">
      <Filter>Generated Files</Filter>
    </ClInclude>
    <ClInclude Include="GeneratedFiles\ui_vsclicense.h">
      <Filter>Generated Files</Filter>
    </ClInclude>
    <ClInclude Include="GeneratedFiles\ui_vscuser.h">
      <Filter>Generated Files</Filter>
    </ClInclude>
    <ClInclude Include="GeneratedFiles\ui_vscstorversion.h">
      <Filter>Generated Files</Filter>
    </ClInclude>
    <ClInclude Include="GeneratedFiles\ui_vscstorlicense.h">
      <Filter>Generated Files</Filter>
    </ClInclude>
    <ClInclude Include="GeneratedFiles\ui_vscstoruser.h">
      <Filter>Generated Files</Filter>
    </ClInclude>
    <ClInclude Include="GeneratedFiles\ui_vschddedit.h">
      <Filter>Generated Files</Filter>
    </ClInclude>
    <ClInclude Include="GeneratedFiles\ui_vschddoneedit.h">
      <Filter>Generated Files</Filter>
    </ClInclude>
    <ClInclude Include="GeneratedFiles\ui_vsccaminfo.h">
      <Filter>Generated Files</Filter>
    </ClInclude>
    <ClInclude Include="GeneratedFiles\ui_vsccamrec.h">
      <Filter>Generated Files</Filter>
    </ClInclude>
    <ClInclude Include="GeneratedFiles\ui_vidcamsetting.h">
      <Filter>Generated Files</Filter>
    </ClInclude>
    <ClInclude Include="GeneratedFiles\ui_vvidpbview.h">
      <Filter>Generated Files</Filter>
    </ClInclude>
    <ClInclude Include="GeneratedFiles\ui_vscdashboard.h">
      <Filter>Generated Files</Filter>
    </ClInclude>
    <ClInclude Include="GeneratedFiles\ui_vscdashboardtaskitem.h">
      <Filter>Generated Files</Filter>
    </ClInclude>
    <ClInclude Include="..\src\common\viditem\vscviditemview.h">
      <Filter>src\common\viditem</Filter>
    </ClInclude>
    <ClInclude Include="GeneratedFiles\ui_vscviewconf.h">
      <Filter>Generated Files</Filter>
    </ClInclude>
    <ClInclude Include="GeneratedFiles\ui_videmapconf.h">
      <Filter>Generated Files</Filter>
    </ClInclude>
    <ClInclude Include="GeneratedFiles\ui_vidviewconf.h">
      <Filter>Generated Files</Filter>
    </ClInclude>
    <ClInclude Include="..\src\common\viditem\vscviditememap.h">
      <Filter>src\common\viditem</Filter>
    </ClInclude>
    <ClInclude Include="GeneratedFiles\ui_vscstreamselect.h">
      <Filter>Generated Files</Filter>
    </ClInclude>
    <ClInclude Include="GeneratedFiles\ui_vscmotion.h">
      <Filter>Generated Files</Filter>
    </ClInclude>
    <ClInclude Include="GeneratedFiles\ui_vsceventconsole.h">
      <Filter>Generated Files</Filter>
    </ClInclude>
    <ClInclude Include="GeneratedFiles\ui_vscabout.h">
      <Filter>Generated Files</Filter>
    </ClInclude>
    <ClInclude Include="GeneratedFiles\ui_vscschedule.h">
      <Filter>Generated Files</Filter>
    </ClInclude>
    <ClInclude Include="GeneratedFiles\ui_vscvideventsearch.h">
      <Filter>Generated Files</Filter>
    </ClInclude>
  </ItemGroup>
</Project>